// !$*UTF8*$!
{
	archiveVersion = 1;
	classes = {
	};
	objectVersion = 46;
	objects = {

/* Begin PBXBuildFile section */
		C7A313601EE44D9600490A98 /* main.cpp in Sources */ = {isa = PBXBuildFile; fileRef = C7A3135F1EE44D9600490A98 /* main.cpp */; };
		C7C64F1F1EE4551200B48BEB /* libGLEW.2.0.0.dylib in Frameworks */ = {isa = PBXBuildFile; fileRef = C7C64EE91EE4551200B48BEB /* libGLEW.2.0.0.dylib */; };
		C7C64F201EE4551200B48BEB /* libGLEW.2.0.0.dylib in Frameworks */ = {isa = PBXBuildFile; fileRef = C7C64EEA1EE4551200B48BEB /* libGLEW.2.0.0.dylib */; };
		C7C64F211EE4551200B48BEB /* libGLEW.2.0.0.dylib in Frameworks */ = {isa = PBXBuildFile; fileRef = C7C64EEB1EE4551200B48BEB /* libGLEW.2.0.0.dylib */; };
		C7C64F221EE4551200B48BEB /* libglfw3.3.2.dylib in Frameworks */ = {isa = PBXBuildFile; fileRef = C7C64EEC1EE4551200B48BEB /* libglfw3.3.2.dylib */; };
		C7C64F231EE4551200B48BEB /* libglfw3.3.2.dylib in Frameworks */ = {isa = PBXBuildFile; fileRef = C7C64EED1EE4551200B48BEB /* libglfw3.3.2.dylib */; };
		C7C64F241EE4551200B48BEB /* libglfw3.3.2.dylib in Frameworks */ = {isa = PBXBuildFile; fileRef = C7C64EEE1EE4551200B48BEB /* libglfw3.3.2.dylib */; };
		C7C64F251EE4551200B48BEB /* libopencv_calib3d.3.2.0.dylib in Frameworks */ = {isa = PBXBuildFile; fileRef = C7C64EEF1EE4551200B48BEB /* libopencv_calib3d.3.2.0.dylib */; };
		C7C64F261EE4551200B48BEB /* libopencv_calib3d.3.2.0.dylib in Frameworks */ = {isa = PBXBuildFile; fileRef = C7C64EF01EE4551200B48BEB /* libopencv_calib3d.3.2.0.dylib */; };
		C7C64F271EE4551200B48BEB /* libopencv_calib3d.3.2.0.dylib in Frameworks */ = {isa = PBXBuildFile; fileRef = C7C64EF11EE4551200B48BEB /* libopencv_calib3d.3.2.0.dylib */; };
		C7C64F281EE4551200B48BEB /* libopencv_core.3.2.0.dylib in Frameworks */ = {isa = PBXBuildFile; fileRef = C7C64EF21EE4551200B48BEB /* libopencv_core.3.2.0.dylib */; };
		C7C64F291EE4551200B48BEB /* libopencv_core.3.2.0.dylib in Frameworks */ = {isa = PBXBuildFile; fileRef = C7C64EF31EE4551200B48BEB /* libopencv_core.3.2.0.dylib */; };
		C7C64F2A1EE4551200B48BEB /* libopencv_core.3.2.0.dylib in Frameworks */ = {isa = PBXBuildFile; fileRef = C7C64EF41EE4551200B48BEB /* libopencv_core.3.2.0.dylib */; };
		C7C64F2B1EE4551200B48BEB /* libopencv_features2d.3.2.0.dylib in Frameworks */ = {isa = PBXBuildFile; fileRef = C7C64EF51EE4551200B48BEB /* libopencv_features2d.3.2.0.dylib */; };
		C7C64F2C1EE4551200B48BEB /* libopencv_features2d.3.2.0.dylib in Frameworks */ = {isa = PBXBuildFile; fileRef = C7C64EF61EE4551200B48BEB /* libopencv_features2d.3.2.0.dylib */; };
		C7C64F2D1EE4551200B48BEB /* libopencv_features2d.3.2.0.dylib in Frameworks */ = {isa = PBXBuildFile; fileRef = C7C64EF71EE4551200B48BEB /* libopencv_features2d.3.2.0.dylib */; };
		C7C64F2E1EE4551200B48BEB /* libopencv_flann.3.2.0.dylib in Frameworks */ = {isa = PBXBuildFile; fileRef = C7C64EF81EE4551200B48BEB /* libopencv_flann.3.2.0.dylib */; };
		C7C64F2F1EE4551200B48BEB /* libopencv_flann.3.2.0.dylib in Frameworks */ = {isa = PBXBuildFile; fileRef = C7C64EF91EE4551200B48BEB /* libopencv_flann.3.2.0.dylib */; };
		C7C64F301EE4551200B48BEB /* libopencv_flann.3.2.0.dylib in Frameworks */ = {isa = PBXBuildFile; fileRef = C7C64EFA1EE4551200B48BEB /* libopencv_flann.3.2.0.dylib */; };
		C7C64F311EE4551200B48BEB /* libopencv_highgui.3.2.0.dylib in Frameworks */ = {isa = PBXBuildFile; fileRef = C7C64EFB1EE4551200B48BEB /* libopencv_highgui.3.2.0.dylib */; };
		C7C64F321EE4551200B48BEB /* libopencv_highgui.3.2.0.dylib in Frameworks */ = {isa = PBXBuildFile; fileRef = C7C64EFC1EE4551200B48BEB /* libopencv_highgui.3.2.0.dylib */; };
		C7C64F331EE4551200B48BEB /* libopencv_highgui.3.2.0.dylib in Frameworks */ = {isa = PBXBuildFile; fileRef = C7C64EFD1EE4551200B48BEB /* libopencv_highgui.3.2.0.dylib */; };
		C7C64F341EE4551200B48BEB /* libopencv_imgcodecs.3.2.0.dylib in Frameworks */ = {isa = PBXBuildFile; fileRef = C7C64EFE1EE4551200B48BEB /* libopencv_imgcodecs.3.2.0.dylib */; };
		C7C64F351EE4551200B48BEB /* libopencv_imgcodecs.3.2.0.dylib in Frameworks */ = {isa = PBXBuildFile; fileRef = C7C64EFF1EE4551200B48BEB /* libopencv_imgcodecs.3.2.0.dylib */; };
		C7C64F361EE4551200B48BEB /* libopencv_imgcodecs.3.2.0.dylib in Frameworks */ = {isa = PBXBuildFile; fileRef = C7C64F001EE4551200B48BEB /* libopencv_imgcodecs.3.2.0.dylib */; };
		C7C64F371EE4551200B48BEB /* libopencv_imgproc.3.2.0.dylib in Frameworks */ = {isa = PBXBuildFile; fileRef = C7C64F011EE4551200B48BEB /* libopencv_imgproc.3.2.0.dylib */; };
		C7C64F381EE4551300B48BEB /* libopencv_imgproc.3.2.0.dylib in Frameworks */ = {isa = PBXBuildFile; fileRef = C7C64F021EE4551200B48BEB /* libopencv_imgproc.3.2.0.dylib */; };
		C7C64F391EE4551300B48BEB /* libopencv_imgproc.3.2.0.dylib in Frameworks */ = {isa = PBXBuildFile; fileRef = C7C64F031EE4551200B48BEB /* libopencv_imgproc.3.2.0.dylib */; };
		C7C64F3A1EE4551300B48BEB /* libopencv_ml.3.2.0.dylib in Frameworks */ = {isa = PBXBuildFile; fileRef = C7C64F041EE4551200B48BEB /* libopencv_ml.3.2.0.dylib */; };
		C7C64F3B1EE4551300B48BEB /* libopencv_ml.3.2.0.dylib in Frameworks */ = {isa = PBXBuildFile; fileRef = C7C64F051EE4551200B48BEB /* libopencv_ml.3.2.0.dylib */; };
		C7C64F3C1EE4551300B48BEB /* libopencv_ml.3.2.0.dylib in Frameworks */ = {isa = PBXBuildFile; fileRef = C7C64F061EE4551200B48BEB /* libopencv_ml.3.2.0.dylib */; };
		C7C64F3D1EE4551300B48BEB /* libopencv_objdetect.3.2.0.dylib in Frameworks */ = {isa = PBXBuildFile; fileRef = C7C64F071EE4551200B48BEB /* libopencv_objdetect.3.2.0.dylib */; };
		C7C64F3E1EE4551300B48BEB /* libopencv_objdetect.3.2.0.dylib in Frameworks */ = {isa = PBXBuildFile; fileRef = C7C64F081EE4551200B48BEB /* libopencv_objdetect.3.2.0.dylib */; };
		C7C64F3F1EE4551300B48BEB /* libopencv_objdetect.3.2.0.dylib in Frameworks */ = {isa = PBXBuildFile; fileRef = C7C64F091EE4551200B48BEB /* libopencv_objdetect.3.2.0.dylib */; };
		C7C64F401EE4551300B48BEB /* libopencv_photo.3.2.0.dylib in Frameworks */ = {isa = PBXBuildFile; fileRef = C7C64F0A1EE4551200B48BEB /* libopencv_photo.3.2.0.dylib */; };
		C7C64F411EE4551300B48BEB /* libopencv_photo.3.2.0.dylib in Frameworks */ = {isa = PBXBuildFile; fileRef = C7C64F0B1EE4551200B48BEB /* libopencv_photo.3.2.0.dylib */; };
		C7C64F421EE4551300B48BEB /* libopencv_photo.3.2.0.dylib in Frameworks */ = {isa = PBXBuildFile; fileRef = C7C64F0C1EE4551200B48BEB /* libopencv_photo.3.2.0.dylib */; };
		C7C64F431EE4551300B48BEB /* libopencv_shape.3.2.0.dylib in Frameworks */ = {isa = PBXBuildFile; fileRef = C7C64F0D1EE4551200B48BEB /* libopencv_shape.3.2.0.dylib */; };
		C7C64F441EE4551300B48BEB /* libopencv_shape.3.2.0.dylib in Frameworks */ = {isa = PBXBuildFile; fileRef = C7C64F0E1EE4551200B48BEB /* libopencv_shape.3.2.0.dylib */; };
		C7C64F451EE4551300B48BEB /* libopencv_shape.3.2.0.dylib in Frameworks */ = {isa = PBXBuildFile; fileRef = C7C64F0F1EE4551200B48BEB /* libopencv_shape.3.2.0.dylib */; };
		C7C64F461EE4551300B48BEB /* libopencv_stitching.3.2.0.dylib in Frameworks */ = {isa = PBXBuildFile; fileRef = C7C64F101EE4551200B48BEB /* libopencv_stitching.3.2.0.dylib */; };
		C7C64F471EE4551300B48BEB /* libopencv_stitching.3.2.0.dylib in Frameworks */ = {isa = PBXBuildFile; fileRef = C7C64F111EE4551200B48BEB /* libopencv_stitching.3.2.0.dylib */; };
		C7C64F481EE4551300B48BEB /* libopencv_stitching.3.2.0.dylib in Frameworks */ = {isa = PBXBuildFile; fileRef = C7C64F121EE4551200B48BEB /* libopencv_stitching.3.2.0.dylib */; };
		C7C64F491EE4551300B48BEB /* libopencv_superres.3.2.0.dylib in Frameworks */ = {isa = PBXBuildFile; fileRef = C7C64F131EE4551200B48BEB /* libopencv_superres.3.2.0.dylib */; };
		C7C64F4A1EE4551300B48BEB /* libopencv_superres.3.2.0.dylib in Frameworks */ = {isa = PBXBuildFile; fileRef = C7C64F141EE4551200B48BEB /* libopencv_superres.3.2.0.dylib */; };
		C7C64F4B1EE4551300B48BEB /* libopencv_superres.3.2.0.dylib in Frameworks */ = {isa = PBXBuildFile; fileRef = C7C64F151EE4551200B48BEB /* libopencv_superres.3.2.0.dylib */; };
		C7C64F4C1EE4551300B48BEB /* libopencv_video.3.2.0.dylib in Frameworks */ = {isa = PBXBuildFile; fileRef = C7C64F161EE4551200B48BEB /* libopencv_video.3.2.0.dylib */; };
		C7C64F4D1EE4551300B48BEB /* libopencv_video.3.2.0.dylib in Frameworks */ = {isa = PBXBuildFile; fileRef = C7C64F171EE4551200B48BEB /* libopencv_video.3.2.0.dylib */; };
		C7C64F4E1EE4551300B48BEB /* libopencv_video.3.2.0.dylib in Frameworks */ = {isa = PBXBuildFile; fileRef = C7C64F181EE4551200B48BEB /* libopencv_video.3.2.0.dylib */; };
		C7C64F4F1EE4551300B48BEB /* libopencv_videoio.3.2.0.dylib in Frameworks */ = {isa = PBXBuildFile; fileRef = C7C64F191EE4551200B48BEB /* libopencv_videoio.3.2.0.dylib */; };
		C7C64F501EE4551300B48BEB /* libopencv_videoio.3.2.0.dylib in Frameworks */ = {isa = PBXBuildFile; fileRef = C7C64F1A1EE4551200B48BEB /* libopencv_videoio.3.2.0.dylib */; };
		C7C64F511EE4551300B48BEB /* libopencv_videoio.3.2.0.dylib in Frameworks */ = {isa = PBXBuildFile; fileRef = C7C64F1B1EE4551200B48BEB /* libopencv_videoio.3.2.0.dylib */; };
		C7C64F521EE4551300B48BEB /* libopencv_videostab.3.2.0.dylib in Frameworks */ = {isa = PBXBuildFile; fileRef = C7C64F1C1EE4551200B48BEB /* libopencv_videostab.3.2.0.dylib */; };
		C7C64F531EE4551300B48BEB /* libopencv_videostab.3.2.0.dylib in Frameworks */ = {isa = PBXBuildFile; fileRef = C7C64F1D1EE4551200B48BEB /* libopencv_videostab.3.2.0.dylib */; };
		C7C64F541EE4551300B48BEB /* libopencv_videostab.3.2.0.dylib in Frameworks */ = {isa = PBXBuildFile; fileRef = C7C64F1E1EE4551200B48BEB /* libopencv_videostab.3.2.0.dylib */; };
/* End PBXBuildFile section */

/* Begin PBXCopyFilesBuildPhase section */
		C7A3135A1EE44D9600490A98 /* CopyFiles */ = {
			isa = PBXCopyFilesBuildPhase;
			buildActionMask = 2147483647;
			dstPath = /usr/share/man/man1/;
			dstSubfolderSpec = 0;
			files = (
			);
			runOnlyForDeploymentPostprocessing = 1;
		};
/* End PBXCopyFilesBuildPhase section */

/* Begin PBXFileReference section */
		C70A4B8C1FC1AC6000615648 /* car.hpp */ = {isa = PBXFileReference; fileEncoding = 4; lastKnownFileType = sourcecode.cpp.h; path = car.hpp; sourceTree = "<group>"; };
		C70A4B8D1FC1AC6000615648 /* DetectCar.hpp */ = {isa = PBXFileReference; fileEncoding = 4; lastKnownFileType = sourcecode.cpp.h; path = DetectCar.hpp; sourceTree = "<group>"; };
		C70A4B8E1FC1AC6000615648 /* global_variable.h */ = {isa = PBXFileReference; fileEncoding = 4; lastKnownFileType = sourcecode.c.h; path = global_variable.h; sourceTree = "<group>"; };
		C70A4B8F1FC1AC6000615648 /* laneDetect.hpp */ = {isa = PBXFileReference; fileEncoding = 4; lastKnownFileType = sourcecode.cpp.h; path = laneDetect.hpp; sourceTree = "<group>"; };
		C7A3135C1EE44D9600490A98 /* projecCppB10 */ = {isa = PBXFileReference; explicitFileType = "compiled.mach-o.executable"; includeInIndex = 0; path = projecCppB10; sourceTree = BUILT_PRODUCTS_DIR; };
		C7A3135F1EE44D9600490A98 /* main.cpp */ = {isa = PBXFileReference; lastKnownFileType = sourcecode.cpp.cpp; path = main.cpp; sourceTree = "<group>"; };
		C7C64EE91EE4551200B48BEB /* libGLEW.2.0.0.dylib */ = {isa = PBXFileReference; lastKnownFileType = "compiled.mach-o.dylib"; path = libGLEW.2.0.0.dylib; sourceTree = "<group>"; };
		C7C64EEA1EE4551200B48BEB /* libGLEW.2.0.0.dylib */ = {isa = PBXFileReference; lastKnownFileType = "compiled.mach-o.dylib"; path = libGLEW.2.0.0.dylib; sourceTree = "<group>"; };
		C7C64EEB1EE4551200B48BEB /* libGLEW.2.0.0.dylib */ = {isa = PBXFileReference; lastKnownFileType = "compiled.mach-o.dylib"; path = libGLEW.2.0.0.dylib; sourceTree = "<group>"; };
		C7C64EEC1EE4551200B48BEB /* libglfw3.3.2.dylib */ = {isa = PBXFileReference; lastKnownFileType = "compiled.mach-o.dylib"; path = libglfw3.3.2.dylib; sourceTree = "<group>"; };
		C7C64EED1EE4551200B48BEB /* libglfw3.3.2.dylib */ = {isa = PBXFileReference; lastKnownFileType = "compiled.mach-o.dylib"; path = libglfw3.3.2.dylib; sourceTree = "<group>"; };
		C7C64EEE1EE4551200B48BEB /* libglfw3.3.2.dylib */ = {isa = PBXFileReference; lastKnownFileType = "compiled.mach-o.dylib"; path = libglfw3.3.2.dylib; sourceTree = "<group>"; };
		C7C64EEF1EE4551200B48BEB /* libopencv_calib3d.3.2.0.dylib */ = {isa = PBXFileReference; lastKnownFileType = "compiled.mach-o.dylib"; path = libopencv_calib3d.3.2.0.dylib; sourceTree = "<group>"; };
		C7C64EF01EE4551200B48BEB /* libopencv_calib3d.3.2.0.dylib */ = {isa = PBXFileReference; lastKnownFileType = "compiled.mach-o.dylib"; path = libopencv_calib3d.3.2.0.dylib; sourceTree = "<group>"; };
		C7C64EF11EE4551200B48BEB /* libopencv_calib3d.3.2.0.dylib */ = {isa = PBXFileReference; lastKnownFileType = "compiled.mach-o.dylib"; path = libopencv_calib3d.3.2.0.dylib; sourceTree = "<group>"; };
		C7C64EF21EE4551200B48BEB /* libopencv_core.3.2.0.dylib */ = {isa = PBXFileReference; lastKnownFileType = "compiled.mach-o.dylib"; path = libopencv_core.3.2.0.dylib; sourceTree = "<group>"; };
		C7C64EF31EE4551200B48BEB /* libopencv_core.3.2.0.dylib */ = {isa = PBXFileReference; lastKnownFileType = "compiled.mach-o.dylib"; path = libopencv_core.3.2.0.dylib; sourceTree = "<group>"; };
		C7C64EF41EE4551200B48BEB /* libopencv_core.3.2.0.dylib */ = {isa = PBXFileReference; lastKnownFileType = "compiled.mach-o.dylib"; path = libopencv_core.3.2.0.dylib; sourceTree = "<group>"; };
		C7C64EF51EE4551200B48BEB /* libopencv_features2d.3.2.0.dylib */ = {isa = PBXFileReference; lastKnownFileType = "compiled.mach-o.dylib"; path = libopencv_features2d.3.2.0.dylib; sourceTree = "<group>"; };
		C7C64EF61EE4551200B48BEB /* libopencv_features2d.3.2.0.dylib */ = {isa = PBXFileReference; lastKnownFileType = "compiled.mach-o.dylib"; path = libopencv_features2d.3.2.0.dylib; sourceTree = "<group>"; };
		C7C64EF71EE4551200B48BEB /* libopencv_features2d.3.2.0.dylib */ = {isa = PBXFileReference; lastKnownFileType = "compiled.mach-o.dylib"; path = libopencv_features2d.3.2.0.dylib; sourceTree = "<group>"; };
		C7C64EF81EE4551200B48BEB /* libopencv_flann.3.2.0.dylib */ = {isa = PBXFileReference; lastKnownFileType = "compiled.mach-o.dylib"; path = libopencv_flann.3.2.0.dylib; sourceTree = "<group>"; };
		C7C64EF91EE4551200B48BEB /* libopencv_flann.3.2.0.dylib */ = {isa = PBXFileReference; lastKnownFileType = "compiled.mach-o.dylib"; path = libopencv_flann.3.2.0.dylib; sourceTree = "<group>"; };
		C7C64EFA1EE4551200B48BEB /* libopencv_flann.3.2.0.dylib */ = {isa = PBXFileReference; lastKnownFileType = "compiled.mach-o.dylib"; path = libopencv_flann.3.2.0.dylib; sourceTree = "<group>"; };
		C7C64EFB1EE4551200B48BEB /* libopencv_highgui.3.2.0.dylib */ = {isa = PBXFileReference; lastKnownFileType = "compiled.mach-o.dylib"; path = libopencv_highgui.3.2.0.dylib; sourceTree = "<group>"; };
		C7C64EFC1EE4551200B48BEB /* libopencv_highgui.3.2.0.dylib */ = {isa = PBXFileReference; lastKnownFileType = "compiled.mach-o.dylib"; path = libopencv_highgui.3.2.0.dylib; sourceTree = "<group>"; };
		C7C64EFD1EE4551200B48BEB /* libopencv_highgui.3.2.0.dylib */ = {isa = PBXFileReference; lastKnownFileType = "compiled.mach-o.dylib"; path = libopencv_highgui.3.2.0.dylib; sourceTree = "<group>"; };
		C7C64EFE1EE4551200B48BEB /* libopencv_imgcodecs.3.2.0.dylib */ = {isa = PBXFileReference; lastKnownFileType = "compiled.mach-o.dylib"; path = libopencv_imgcodecs.3.2.0.dylib; sourceTree = "<group>"; };
		C7C64EFF1EE4551200B48BEB /* libopencv_imgcodecs.3.2.0.dylib */ = {isa = PBXFileReference; lastKnownFileType = "compiled.mach-o.dylib"; path = libopencv_imgcodecs.3.2.0.dylib; sourceTree = "<group>"; };
		C7C64F001EE4551200B48BEB /* libopencv_imgcodecs.3.2.0.dylib */ = {isa = PBXFileReference; lastKnownFileType = "compiled.mach-o.dylib"; path = libopencv_imgcodecs.3.2.0.dylib; sourceTree = "<group>"; };
		C7C64F011EE4551200B48BEB /* libopencv_imgproc.3.2.0.dylib */ = {isa = PBXFileReference; lastKnownFileType = "compiled.mach-o.dylib"; path = libopencv_imgproc.3.2.0.dylib; sourceTree = "<group>"; };
		C7C64F021EE4551200B48BEB /* libopencv_imgproc.3.2.0.dylib */ = {isa = PBXFileReference; lastKnownFileType = "compiled.mach-o.dylib"; path = libopencv_imgproc.3.2.0.dylib; sourceTree = "<group>"; };
		C7C64F031EE4551200B48BEB /* libopencv_imgproc.3.2.0.dylib */ = {isa = PBXFileReference; lastKnownFileType = "compiled.mach-o.dylib"; path = libopencv_imgproc.3.2.0.dylib; sourceTree = "<group>"; };
		C7C64F041EE4551200B48BEB /* libopencv_ml.3.2.0.dylib */ = {isa = PBXFileReference; lastKnownFileType = "compiled.mach-o.dylib"; path = libopencv_ml.3.2.0.dylib; sourceTree = "<group>"; };
		C7C64F051EE4551200B48BEB /* libopencv_ml.3.2.0.dylib */ = {isa = PBXFileReference; lastKnownFileType = "compiled.mach-o.dylib"; path = libopencv_ml.3.2.0.dylib; sourceTree = "<group>"; };
		C7C64F061EE4551200B48BEB /* libopencv_ml.3.2.0.dylib */ = {isa = PBXFileReference; lastKnownFileType = "compiled.mach-o.dylib"; path = libopencv_ml.3.2.0.dylib; sourceTree = "<group>"; };
		C7C64F071EE4551200B48BEB /* libopencv_objdetect.3.2.0.dylib */ = {isa = PBXFileReference; lastKnownFileType = "compiled.mach-o.dylib"; path = libopencv_objdetect.3.2.0.dylib; sourceTree = "<group>"; };
		C7C64F081EE4551200B48BEB /* libopencv_objdetect.3.2.0.dylib */ = {isa = PBXFileReference; lastKnownFileType = "compiled.mach-o.dylib"; path = libopencv_objdetect.3.2.0.dylib; sourceTree = "<group>"; };
		C7C64F091EE4551200B48BEB /* libopencv_objdetect.3.2.0.dylib */ = {isa = PBXFileReference; lastKnownFileType = "compiled.mach-o.dylib"; path = libopencv_objdetect.3.2.0.dylib; sourceTree = "<group>"; };
		C7C64F0A1EE4551200B48BEB /* libopencv_photo.3.2.0.dylib */ = {isa = PBXFileReference; lastKnownFileType = "compiled.mach-o.dylib"; path = libopencv_photo.3.2.0.dylib; sourceTree = "<group>"; };
		C7C64F0B1EE4551200B48BEB /* libopencv_photo.3.2.0.dylib */ = {isa = PBXFileReference; lastKnownFileType = "compiled.mach-o.dylib"; path = libopencv_photo.3.2.0.dylib; sourceTree = "<group>"; };
		C7C64F0C1EE4551200B48BEB /* libopencv_photo.3.2.0.dylib */ = {isa = PBXFileReference; lastKnownFileType = "compiled.mach-o.dylib"; path = libopencv_photo.3.2.0.dylib; sourceTree = "<group>"; };
		C7C64F0D1EE4551200B48BEB /* libopencv_shape.3.2.0.dylib */ = {isa = PBXFileReference; lastKnownFileType = "compiled.mach-o.dylib"; path = libopencv_shape.3.2.0.dylib; sourceTree = "<group>"; };
		C7C64F0E1EE4551200B48BEB /* libopencv_shape.3.2.0.dylib */ = {isa = PBXFileReference; lastKnownFileType = "compiled.mach-o.dylib"; path = libopencv_shape.3.2.0.dylib; sourceTree = "<group>"; };
		C7C64F0F1EE4551200B48BEB /* libopencv_shape.3.2.0.dylib */ = {isa = PBXFileReference; lastKnownFileType = "compiled.mach-o.dylib"; path = libopencv_shape.3.2.0.dylib; sourceTree = "<group>"; };
		C7C64F101EE4551200B48BEB /* libopencv_stitching.3.2.0.dylib */ = {isa = PBXFileReference; lastKnownFileType = "compiled.mach-o.dylib"; path = libopencv_stitching.3.2.0.dylib; sourceTree = "<group>"; };
		C7C64F111EE4551200B48BEB /* libopencv_stitching.3.2.0.dylib */ = {isa = PBXFileReference; lastKnownFileType = "compiled.mach-o.dylib"; path = libopencv_stitching.3.2.0.dylib; sourceTree = "<group>"; };
		C7C64F121EE4551200B48BEB /* libopencv_stitching.3.2.0.dylib */ = {isa = PBXFileReference; lastKnownFileType = "compiled.mach-o.dylib"; path = libopencv_stitching.3.2.0.dylib; sourceTree = "<group>"; };
		C7C64F131EE4551200B48BEB /* libopencv_superres.3.2.0.dylib */ = {isa = PBXFileReference; lastKnownFileType = "compiled.mach-o.dylib"; path = libopencv_superres.3.2.0.dylib; sourceTree = "<group>"; };
		C7C64F141EE4551200B48BEB /* libopencv_superres.3.2.0.dylib */ = {isa = PBXFileReference; lastKnownFileType = "compiled.mach-o.dylib"; path = libopencv_superres.3.2.0.dylib; sourceTree = "<group>"; };
		C7C64F151EE4551200B48BEB /* libopencv_superres.3.2.0.dylib */ = {isa = PBXFileReference; lastKnownFileType = "compiled.mach-o.dylib"; path = libopencv_superres.3.2.0.dylib; sourceTree = "<group>"; };
		C7C64F161EE4551200B48BEB /* libopencv_video.3.2.0.dylib */ = {isa = PBXFileReference; lastKnownFileType = "compiled.mach-o.dylib"; path = libopencv_video.3.2.0.dylib; sourceTree = "<group>"; };
		C7C64F171EE4551200B48BEB /* libopencv_video.3.2.0.dylib */ = {isa = PBXFileReference; lastKnownFileType = "compiled.mach-o.dylib"; path = libopencv_video.3.2.0.dylib; sourceTree = "<group>"; };
		C7C64F181EE4551200B48BEB /* libopencv_video.3.2.0.dylib */ = {isa = PBXFileReference; lastKnownFileType = "compiled.mach-o.dylib"; path = libopencv_video.3.2.0.dylib; sourceTree = "<group>"; };
		C7C64F191EE4551200B48BEB /* libopencv_videoio.3.2.0.dylib */ = {isa = PBXFileReference; lastKnownFileType = "compiled.mach-o.dylib"; path = libopencv_videoio.3.2.0.dylib; sourceTree = "<group>"; };
		C7C64F1A1EE4551200B48BEB /* libopencv_videoio.3.2.0.dylib */ = {isa = PBXFileReference; lastKnownFileType = "compiled.mach-o.dylib"; path = libopencv_videoio.3.2.0.dylib; sourceTree = "<group>"; };
		C7C64F1B1EE4551200B48BEB /* libopencv_videoio.3.2.0.dylib */ = {isa = PBXFileReference; lastKnownFileType = "compiled.mach-o.dylib"; path = libopencv_videoio.3.2.0.dylib; sourceTree = "<group>"; };
		C7C64F1C1EE4551200B48BEB /* libopencv_videostab.3.2.0.dylib */ = {isa = PBXFileReference; lastKnownFileType = "compiled.mach-o.dylib"; path = libopencv_videostab.3.2.0.dylib; sourceTree = "<group>"; };
		C7C64F1D1EE4551200B48BEB /* libopencv_videostab.3.2.0.dylib */ = {isa = PBXFileReference; lastKnownFileType = "compiled.mach-o.dylib"; path = libopencv_videostab.3.2.0.dylib; sourceTree = "<group>"; };
		C7C64F1E1EE4551200B48BEB /* libopencv_videostab.3.2.0.dylib */ = {isa = PBXFileReference; lastKnownFileType = "compiled.mach-o.dylib"; path = libopencv_videostab.3.2.0.dylib; sourceTree = "<group>"; };
		C7D2247B1F77B97000922A84 /* laneClass.h */ = {isa = PBXFileReference; lastKnownFileType = sourcecode.c.h; path = laneClass.h; sourceTree = "<group>"; };
/* End PBXFileReference section */

/* Begin PBXFrameworksBuildPhase section */
		C7A313591EE44D9600490A98 /* Frameworks */ = {
			isa = PBXFrameworksBuildPhase;
			buildActionMask = 2147483647;
			files = (
				C7C64F431EE4551300B48BEB /* libopencv_shape.3.2.0.dylib in Frameworks */,
				C7C64F391EE4551300B48BEB /* libopencv_imgproc.3.2.0.dylib in Frameworks */,
				C7C64F321EE4551200B48BEB /* libopencv_highgui.3.2.0.dylib in Frameworks */,
				C7C64F411EE4551300B48BEB /* libopencv_photo.3.2.0.dylib in Frameworks */,
				C7C64F4B1EE4551300B48BEB /* libopencv_superres.3.2.0.dylib in Frameworks */,
				C7C64F4F1EE4551300B48BEB /* libopencv_videoio.3.2.0.dylib in Frameworks */,
				C7C64F211EE4551200B48BEB /* libGLEW.2.0.0.dylib in Frameworks */,
				C7C64F4A1EE4551300B48BEB /* libopencv_superres.3.2.0.dylib in Frameworks */,
				C7C64F3F1EE4551300B48BEB /* libopencv_objdetect.3.2.0.dylib in Frameworks */,
				C7C64F3B1EE4551300B48BEB /* libopencv_ml.3.2.0.dylib in Frameworks */,
				C7C64F401EE4551300B48BEB /* libopencv_photo.3.2.0.dylib in Frameworks */,
				C7C64F421EE4551300B48BEB /* libopencv_photo.3.2.0.dylib in Frameworks */,
				C7C64F3A1EE4551300B48BEB /* libopencv_ml.3.2.0.dylib in Frameworks */,
				C7C64F531EE4551300B48BEB /* libopencv_videostab.3.2.0.dylib in Frameworks */,
				C7C64F261EE4551200B48BEB /* libopencv_calib3d.3.2.0.dylib in Frameworks */,
				C7C64F341EE4551200B48BEB /* libopencv_imgcodecs.3.2.0.dylib in Frameworks */,
				C7C64F4D1EE4551300B48BEB /* libopencv_video.3.2.0.dylib in Frameworks */,
				C7C64F481EE4551300B48BEB /* libopencv_stitching.3.2.0.dylib in Frameworks */,
				C7C64F441EE4551300B48BEB /* libopencv_shape.3.2.0.dylib in Frameworks */,
				C7C64F521EE4551300B48BEB /* libopencv_videostab.3.2.0.dylib in Frameworks */,
				C7C64F301EE4551200B48BEB /* libopencv_flann.3.2.0.dylib in Frameworks */,
				C7C64F251EE4551200B48BEB /* libopencv_calib3d.3.2.0.dylib in Frameworks */,
				C7C64F4C1EE4551300B48BEB /* libopencv_video.3.2.0.dylib in Frameworks */,
				C7C64F4E1EE4551300B48BEB /* libopencv_video.3.2.0.dylib in Frameworks */,
				C7C64F491EE4551300B48BEB /* libopencv_superres.3.2.0.dylib in Frameworks */,
				C7C64F3C1EE4551300B48BEB /* libopencv_ml.3.2.0.dylib in Frameworks */,
				C7C64F371EE4551200B48BEB /* libopencv_imgproc.3.2.0.dylib in Frameworks */,
				C7C64F2D1EE4551200B48BEB /* libopencv_features2d.3.2.0.dylib in Frameworks */,
				C7C64F501EE4551300B48BEB /* libopencv_videoio.3.2.0.dylib in Frameworks */,
				C7C64F381EE4551300B48BEB /* libopencv_imgproc.3.2.0.dylib in Frameworks */,
				C7C64F3D1EE4551300B48BEB /* libopencv_objdetect.3.2.0.dylib in Frameworks */,
				C7C64F361EE4551200B48BEB /* libopencv_imgcodecs.3.2.0.dylib in Frameworks */,
				C7C64F1F1EE4551200B48BEB /* libGLEW.2.0.0.dylib in Frameworks */,
				C7C64F291EE4551200B48BEB /* libopencv_core.3.2.0.dylib in Frameworks */,
				C7C64F271EE4551200B48BEB /* libopencv_calib3d.3.2.0.dylib in Frameworks */,
				C7C64F2C1EE4551200B48BEB /* libopencv_features2d.3.2.0.dylib in Frameworks */,
				C7C64F201EE4551200B48BEB /* libGLEW.2.0.0.dylib in Frameworks */,
				C7C64F451EE4551300B48BEB /* libopencv_shape.3.2.0.dylib in Frameworks */,
				C7C64F241EE4551200B48BEB /* libglfw3.3.2.dylib in Frameworks */,
				C7C64F3E1EE4551300B48BEB /* libopencv_objdetect.3.2.0.dylib in Frameworks */,
				C7C64F511EE4551300B48BEB /* libopencv_videoio.3.2.0.dylib in Frameworks */,
				C7C64F311EE4551200B48BEB /* libopencv_highgui.3.2.0.dylib in Frameworks */,
				C7C64F541EE4551300B48BEB /* libopencv_videostab.3.2.0.dylib in Frameworks */,
				C7C64F461EE4551300B48BEB /* libopencv_stitching.3.2.0.dylib in Frameworks */,
				C7C64F351EE4551200B48BEB /* libopencv_imgcodecs.3.2.0.dylib in Frameworks */,
				C7C64F221EE4551200B48BEB /* libglfw3.3.2.dylib in Frameworks */,
				C7C64F471EE4551300B48BEB /* libopencv_stitching.3.2.0.dylib in Frameworks */,
				C7C64F2B1EE4551200B48BEB /* libopencv_features2d.3.2.0.dylib in Frameworks */,
				C7C64F2E1EE4551200B48BEB /* libopencv_flann.3.2.0.dylib in Frameworks */,
				C7C64F331EE4551200B48BEB /* libopencv_highgui.3.2.0.dylib in Frameworks */,
				C7C64F2A1EE4551200B48BEB /* libopencv_core.3.2.0.dylib in Frameworks */,
				C7C64F2F1EE4551200B48BEB /* libopencv_flann.3.2.0.dylib in Frameworks */,
				C7C64F231EE4551200B48BEB /* libglfw3.3.2.dylib in Frameworks */,
				C7C64F281EE4551200B48BEB /* libopencv_core.3.2.0.dylib in Frameworks */,
			);
			runOnlyForDeploymentPostprocessing = 0;
		};
/* End PBXFrameworksBuildPhase section */

/* Begin PBXGroup section */
		C7A313531EE44D9600490A98 = {
			isa = PBXGroup;
			children = (
				C7D2247B1F77B97000922A84 /* laneClass.h */,
				C7C64F551EE4556F00B48BEB /* dylib */,
				C7A3135E1EE44D9600490A98 /* projecCppB10 */,
				C7A3135D1EE44D9600490A98 /* Products */,
			);
			sourceTree = "<group>";
		};
		C7A3135D1EE44D9600490A98 /* Products */ = {
			isa = PBXGroup;
			children = (
				C7A3135C1EE44D9600490A98 /* projecCppB10 */,
			);
			name = Products;
			sourceTree = "<group>";
		};
		C7A3135E1EE44D9600490A98 /* projecCppB10 */ = {
			isa = PBXGroup;
			children = (
				C70A4B8C1FC1AC6000615648 /* car.hpp */,
				C70A4B8D1FC1AC6000615648 /* DetectCar.hpp */,
				C70A4B8E1FC1AC6000615648 /* global_variable.h */,
				C70A4B8F1FC1AC6000615648 /* laneDetect.hpp */,
				C7A3135F1EE44D9600490A98 /* main.cpp */,
			);
			path = projecCppB10;
			sourceTree = "<group>";
		};
		C7C64F551EE4556F00B48BEB /* dylib */ = {
			isa = PBXGroup;
			children = (
				C7C64EE91EE4551200B48BEB /* libGLEW.2.0.0.dylib */,
				C7C64EEA1EE4551200B48BEB /* libGLEW.2.0.0.dylib */,
				C7C64EEB1EE4551200B48BEB /* libGLEW.2.0.0.dylib */,
				C7C64EEC1EE4551200B48BEB /* libglfw3.3.2.dylib */,
				C7C64EED1EE4551200B48BEB /* libglfw3.3.2.dylib */,
				C7C64EEE1EE4551200B48BEB /* libglfw3.3.2.dylib */,
				C7C64EEF1EE4551200B48BEB /* libopencv_calib3d.3.2.0.dylib */,
				C7C64EF01EE4551200B48BEB /* libopencv_calib3d.3.2.0.dylib */,
				C7C64EF11EE4551200B48BEB /* libopencv_calib3d.3.2.0.dylib */,
				C7C64EF21EE4551200B48BEB /* libopencv_core.3.2.0.dylib */,
				C7C64EF31EE4551200B48BEB /* libopencv_core.3.2.0.dylib */,
				C7C64EF41EE4551200B48BEB /* libopencv_core.3.2.0.dylib */,
				C7C64EF51EE4551200B48BEB /* libopencv_features2d.3.2.0.dylib */,
				C7C64EF61EE4551200B48BEB /* libopencv_features2d.3.2.0.dylib */,
				C7C64EF71EE4551200B48BEB /* libopencv_features2d.3.2.0.dylib */,
				C7C64EF81EE4551200B48BEB /* libopencv_flann.3.2.0.dylib */,
				C7C64EF91EE4551200B48BEB /* libopencv_flann.3.2.0.dylib */,
				C7C64EFA1EE4551200B48BEB /* libopencv_flann.3.2.0.dylib */,
				C7C64EFB1EE4551200B48BEB /* libopencv_highgui.3.2.0.dylib */,
				C7C64EFC1EE4551200B48BEB /* libopencv_highgui.3.2.0.dylib */,
				C7C64EFD1EE4551200B48BEB /* libopencv_highgui.3.2.0.dylib */,
				C7C64EFE1EE4551200B48BEB /* libopencv_imgcodecs.3.2.0.dylib */,
				C7C64EFF1EE4551200B48BEB /* libopencv_imgcodecs.3.2.0.dylib */,
				C7C64F001EE4551200B48BEB /* libopencv_imgcodecs.3.2.0.dylib */,
				C7C64F011EE4551200B48BEB /* libopencv_imgproc.3.2.0.dylib */,
				C7C64F021EE4551200B48BEB /* libopencv_imgproc.3.2.0.dylib */,
				C7C64F031EE4551200B48BEB /* libopencv_imgproc.3.2.0.dylib */,
				C7C64F041EE4551200B48BEB /* libopencv_ml.3.2.0.dylib */,
				C7C64F051EE4551200B48BEB /* libopencv_ml.3.2.0.dylib */,
				C7C64F061EE4551200B48BEB /* libopencv_ml.3.2.0.dylib */,
				C7C64F071EE4551200B48BEB /* libopencv_objdetect.3.2.0.dylib */,
				C7C64F081EE4551200B48BEB /* libopencv_objdetect.3.2.0.dylib */,
				C7C64F091EE4551200B48BEB /* libopencv_objdetect.3.2.0.dylib */,
				C7C64F0A1EE4551200B48BEB /* libopencv_photo.3.2.0.dylib */,
				C7C64F0B1EE4551200B48BEB /* libopencv_photo.3.2.0.dylib */,
				C7C64F0C1EE4551200B48BEB /* libopencv_photo.3.2.0.dylib */,
				C7C64F0D1EE4551200B48BEB /* libopencv_shape.3.2.0.dylib */,
				C7C64F0E1EE4551200B48BEB /* libopencv_shape.3.2.0.dylib */,
				C7C64F0F1EE4551200B48BEB /* libopencv_shape.3.2.0.dylib */,
				C7C64F101EE4551200B48BEB /* libopencv_stitching.3.2.0.dylib */,
				C7C64F111EE4551200B48BEB /* libopencv_stitching.3.2.0.dylib */,
				C7C64F121EE4551200B48BEB /* libopencv_stitching.3.2.0.dylib */,
				C7C64F131EE4551200B48BEB /* libopencv_superres.3.2.0.dylib */,
				C7C64F141EE4551200B48BEB /* libopencv_superres.3.2.0.dylib */,
				C7C64F151EE4551200B48BEB /* libopencv_superres.3.2.0.dylib */,
				C7C64F161EE4551200B48BEB /* libopencv_video.3.2.0.dylib */,
				C7C64F171EE4551200B48BEB /* libopencv_video.3.2.0.dylib */,
				C7C64F181EE4551200B48BEB /* libopencv_video.3.2.0.dylib */,
				C7C64F191EE4551200B48BEB /* libopencv_videoio.3.2.0.dylib */,
				C7C64F1A1EE4551200B48BEB /* libopencv_videoio.3.2.0.dylib */,
				C7C64F1B1EE4551200B48BEB /* libopencv_videoio.3.2.0.dylib */,
				C7C64F1C1EE4551200B48BEB /* libopencv_videostab.3.2.0.dylib */,
				C7C64F1D1EE4551200B48BEB /* libopencv_videostab.3.2.0.dylib */,
				C7C64F1E1EE4551200B48BEB /* libopencv_videostab.3.2.0.dylib */,
			);
			name = dylib;
			sourceTree = "<group>";
		};
/* End PBXGroup section */

/* Begin PBXNativeTarget section */
		C7A3135B1EE44D9600490A98 /* projecCppB10 */ = {
			isa = PBXNativeTarget;
			buildConfigurationList = C7A313631EE44D9600490A98 /* Build configuration list for PBXNativeTarget "projecCppB10" */;
			buildPhases = (
				C7A313581EE44D9600490A98 /* Sources */,
				C7A313591EE44D9600490A98 /* Frameworks */,
				C7A3135A1EE44D9600490A98 /* CopyFiles */,
			);
			buildRules = (
			);
			dependencies = (
			);
			name = projecCppB10;
			productName = projecCppB10;
			productReference = C7A3135C1EE44D9600490A98 /* projecCppB10 */;
			productType = "com.apple.product-type.tool";
		};
/* End PBXNativeTarget section */

/* Begin PBXProject section */
		C7A313541EE44D9600490A98 /* Project object */ = {
			isa = PBXProject;
			attributes = {
				LastUpgradeCheck = 0830;
				ORGANIZATIONNAME = joelin;
				TargetAttributes = {
					C7A3135B1EE44D9600490A98 = {
						CreatedOnToolsVersion = 8.3.2;
						DevelopmentTeam = 3LQXF983J7;
						ProvisioningStyle = Automatic;
					};
				};
			};
			buildConfigurationList = C7A313571EE44D9600490A98 /* Build configuration list for PBXProject "projecCppB10" */;
			compatibilityVersion = "Xcode 3.2";
			developmentRegion = English;
			hasScannedForEncodings = 0;
			knownRegions = (
				en,
			);
			mainGroup = C7A313531EE44D9600490A98;
			productRefGroup = C7A3135D1EE44D9600490A98 /* Products */;
			projectDirPath = "";
			projectRoot = "";
			targets = (
				C7A3135B1EE44D9600490A98 /* projecCppB10 */,
			);
		};
/* End PBXProject section */

/* Begin PBXSourcesBuildPhase section */
		C7A313581EE44D9600490A98 /* Sources */ = {
			isa = PBXSourcesBuildPhase;
			buildActionMask = 2147483647;
			files = (
				C7A313601EE44D9600490A98 /* main.cpp in Sources */,
			);
			runOnlyForDeploymentPostprocessing = 0;
		};
/* End PBXSourcesBuildPhase section */

/* Begin XCBuildConfiguration section */
		C7A313611EE44D9600490A98 /* Debug */ = {
			isa = XCBuildConfiguration;
			buildSettings = {
				ALWAYS_SEARCH_USER_PATHS = NO;
				CLANG_ANALYZER_NONNULL = YES;
				CLANG_ANALYZER_NUMBER_OBJECT_CONVERSION = YES_AGGRESSIVE;
				CLANG_CXX_LANGUAGE_STANDARD = "gnu++0x";
				CLANG_CXX_LIBRARY = "libc++";
				CLANG_ENABLE_MODULES = YES;
				CLANG_ENABLE_OBJC_ARC = YES;
				CLANG_WARN_BOOL_CONVERSION = YES;
				CLANG_WARN_CONSTANT_CONVERSION = YES;
				CLANG_WARN_DIRECT_OBJC_ISA_USAGE = YES_ERROR;
				CLANG_WARN_DOCUMENTATION_COMMENTS = YES;
				CLANG_WARN_EMPTY_BODY = YES;
				CLANG_WARN_ENUM_CONVERSION = YES;
				CLANG_WARN_INFINITE_RECURSION = YES;
				CLANG_WARN_INT_CONVERSION = YES;
				CLANG_WARN_OBJC_ROOT_CLASS = YES_ERROR;
				CLANG_WARN_SUSPICIOUS_MOVE = YES;
				CLANG_WARN_UNREACHABLE_CODE = YES;
				CLANG_WARN__DUPLICATE_METHOD_MATCH = YES;
				CODE_SIGN_IDENTITY = "-";
				COPY_PHASE_STRIP = NO;
				DEBUG_INFORMATION_FORMAT = dwarf;
				ENABLE_STRICT_OBJC_MSGSEND = YES;
				ENABLE_TESTABILITY = YES;
				GCC_C_LANGUAGE_STANDARD = gnu99;
				GCC_DYNAMIC_NO_PIC = NO;
				GCC_NO_COMMON_BLOCKS = YES;
				GCC_OPTIMIZATION_LEVEL = 0;
				GCC_PREPROCESSOR_DEFINITIONS = (
					"DEBUG=1",
					"$(inherited)",
				);
				GCC_WARN_64_TO_32_BIT_CONVERSION = YES;
				GCC_WARN_ABOUT_RETURN_TYPE = YES_ERROR;
				GCC_WARN_UNDECLARED_SELECTOR = YES;
				GCC_WARN_UNINITIALIZED_AUTOS = YES_AGGRESSIVE;
				GCC_WARN_UNUSED_FUNCTION = YES;
				GCC_WARN_UNUSED_VARIABLE = YES;
				MACOSX_DEPLOYMENT_TARGET = 10.12;
				MTL_ENABLE_DEBUG_INFO = YES;
				ONLY_ACTIVE_ARCH = YES;
				SDKROOT = macosx;
			};
			name = Debug;
		};
		C7A313621EE44D9600490A98 /* Release */ = {
			isa = XCBuildConfiguration;
			buildSettings = {
				ALWAYS_SEARCH_USER_PATHS = NO;
				CLANG_ANALYZER_NONNULL = YES;
				CLANG_ANALYZER_NUMBER_OBJECT_CONVERSION = YES_AGGRESSIVE;
				CLANG_CXX_LANGUAGE_STANDARD = "gnu++0x";
				CLANG_CXX_LIBRARY = "libc++";
				CLANG_ENABLE_MODULES = YES;
				CLANG_ENABLE_OBJC_ARC = YES;
				CLANG_WARN_BOOL_CONVERSION = YES;
				CLANG_WARN_CONSTANT_CONVERSION = YES;
				CLANG_WARN_DIRECT_OBJC_ISA_USAGE = YES_ERROR;
				CLANG_WARN_DOCUMENTATION_COMMENTS = YES;
				CLANG_WARN_EMPTY_BODY = YES;
				CLANG_WARN_ENUM_CONVERSION = YES;
				CLANG_WARN_INFINITE_RECURSION = YES;
				CLANG_WARN_INT_CONVERSION = YES;
				CLANG_WARN_OBJC_ROOT_CLASS = YES_ERROR;
				CLANG_WARN_SUSPICIOUS_MOVE = YES;
				CLANG_WARN_UNREACHABLE_CODE = YES;
				CLANG_WARN__DUPLICATE_METHOD_MATCH = YES;
				CODE_SIGN_IDENTITY = "-";
				COPY_PHASE_STRIP = NO;
				DEBUG_INFORMATION_FORMAT = "dwarf-with-dsym";
				ENABLE_NS_ASSERTIONS = NO;
				ENABLE_STRICT_OBJC_MSGSEND = YES;
				GCC_C_LANGUAGE_STANDARD = gnu99;
				GCC_NO_COMMON_BLOCKS = YES;
				GCC_WARN_64_TO_32_BIT_CONVERSION = YES;
				GCC_WARN_ABOUT_RETURN_TYPE = YES_ERROR;
				GCC_WARN_UNDECLARED_SELECTOR = YES;
				GCC_WARN_UNINITIALIZED_AUTOS = YES_AGGRESSIVE;
				GCC_WARN_UNUSED_FUNCTION = YES;
				GCC_WARN_UNUSED_VARIABLE = YES;
				MACOSX_DEPLOYMENT_TARGET = 10.12;
				MTL_ENABLE_DEBUG_INFO = NO;
				SDKROOT = macosx;
			};
			name = Release;
		};
		C7A313641EE44D9600490A98 /* Debug */ = {
			isa = XCBuildConfiguration;
			buildSettings = {
				DEVELOPMENT_TEAM = 3LQXF983J7;
				HEADER_SEARCH_PATHS = (
					/usr/local/include/opencv,
					/usr/local/include,
				);
				LIBRARY_SEARCH_PATHS = (
					"$(inherited)",
					"$(PROJECT_DIR)",
				);
				PRODUCT_NAME = "$(TARGET_NAME)";
			};
			name = Debug;
		};
		C7A313651EE44D9600490A98 /* Release */ = {
			isa = XCBuildConfiguration;
			buildSettings = {
				DEVELOPMENT_TEAM = 3LQXF983J7;
				HEADER_SEARCH_PATHS = (
					/usr/local/include/opencv,
					/usr/local/include,
				);
				LIBRARY_SEARCH_PATHS = (
					"$(inherited)",
					"$(PROJECT_DIR)",
				);
				PRODUCT_NAME = "$(TARGET_NAME)";
			};
			name = Release;
		};
/* End XCBuildConfiguration section */

/* Begin XCConfigurationList section */
		C7A313571EE44D9600490A98 /* Build configuration list for PBXProject "projecCppB10" */ = {
			isa = XCConfigurationList;
			buildConfigurations = (
				C7A313611EE44D9600490A98 /* Debug */,
				C7A313621EE44D9600490A98 /* Release */,
			);
			defaultConfigurationIsVisible = 0;
			defaultConfigurationName = Release;
		};
		C7A313631EE44D9600490A98 /* Build configuration list for PBXNativeTarget "projecCppB10" */ = {
			isa = XCConfigurationList;
			buildConfigurations = (
				C7A313641EE44D9600490A98 /* Debug */,
				C7A313651EE44D9600490A98 /* Release */,
			);
			defaultConfigurationIsVisible = 0;
			defaultConfigurationName = Release;
		};
/* End XCConfigurationList section */
	};
	rootObject = C7A313541EE44D9600490A98 /* Project object */;
}
