// !$*UTF8*$!
{
	archiveVersion = 1;
	classes = {
	};
	objectVersion = 46;
	objects = {

/* Begin PBXBuildFile section */
		C7A313601EE44D9600490A98 /* main.cpp in Sources */ = {isa = PBXBuildFile; fileRef = C7A3135F1EE44D9600490A98 /* main.cpp */; };
		C7A3139C1EE44E5400490A98 /* libGLEW.2.0.0.dylib in Frameworks */ = {isa = PBXBuildFile; fileRef = C7A313661EE44E5400490A98 /* libGLEW.2.0.0.dylib */; };
		C7A3139D1EE44E5400490A98 /* libGLEW.2.0.0.dylib in Frameworks */ = {isa = PBXBuildFile; fileRef = C7A313671EE44E5400490A98 /* libGLEW.2.0.0.dylib */; };
		C7A3139E1EE44E5400490A98 /* libGLEW.2.0.0.dylib in Frameworks */ = {isa = PBXBuildFile; fileRef = C7A313681EE44E5400490A98 /* libGLEW.2.0.0.dylib */; };
		C7A3139F1EE44E5400490A98 /* libglfw3.3.2.dylib in Frameworks */ = {isa = PBXBuildFile; fileRef = C7A313691EE44E5400490A98 /* libglfw3.3.2.dylib */; };
		C7A313A01EE44E5400490A98 /* libglfw3.3.2.dylib in Frameworks */ = {isa = PBXBuildFile; fileRef = C7A3136A1EE44E5400490A98 /* libglfw3.3.2.dylib */; };
		C7A313A11EE44E5400490A98 /* libglfw3.3.2.dylib in Frameworks */ = {isa = PBXBuildFile; fileRef = C7A3136B1EE44E5400490A98 /* libglfw3.3.2.dylib */; };
		C7A313A21EE44E5400490A98 /* libopencv_calib3d.3.2.0.dylib in Frameworks */ = {isa = PBXBuildFile; fileRef = C7A3136C1EE44E5400490A98 /* libopencv_calib3d.3.2.0.dylib */; };
		C7A313A31EE44E5400490A98 /* libopencv_calib3d.3.2.0.dylib in Frameworks */ = {isa = PBXBuildFile; fileRef = C7A3136D1EE44E5400490A98 /* libopencv_calib3d.3.2.0.dylib */; };
		C7A313A41EE44E5400490A98 /* libopencv_calib3d.3.2.0.dylib in Frameworks */ = {isa = PBXBuildFile; fileRef = C7A3136E1EE44E5400490A98 /* libopencv_calib3d.3.2.0.dylib */; };
		C7A313A51EE44E5400490A98 /* libopencv_core.3.2.0.dylib in Frameworks */ = {isa = PBXBuildFile; fileRef = C7A3136F1EE44E5400490A98 /* libopencv_core.3.2.0.dylib */; };
		C7A313A61EE44E5400490A98 /* libopencv_core.3.2.0.dylib in Frameworks */ = {isa = PBXBuildFile; fileRef = C7A313701EE44E5400490A98 /* libopencv_core.3.2.0.dylib */; };
		C7A313A71EE44E5400490A98 /* libopencv_core.3.2.0.dylib in Frameworks */ = {isa = PBXBuildFile; fileRef = C7A313711EE44E5400490A98 /* libopencv_core.3.2.0.dylib */; };
		C7A313A81EE44E5400490A98 /* libopencv_features2d.3.2.0.dylib in Frameworks */ = {isa = PBXBuildFile; fileRef = C7A313721EE44E5400490A98 /* libopencv_features2d.3.2.0.dylib */; };
		C7A313A91EE44E5400490A98 /* libopencv_features2d.3.2.0.dylib in Frameworks */ = {isa = PBXBuildFile; fileRef = C7A313731EE44E5400490A98 /* libopencv_features2d.3.2.0.dylib */; };
		C7A313AA1EE44E5400490A98 /* libopencv_features2d.3.2.0.dylib in Frameworks */ = {isa = PBXBuildFile; fileRef = C7A313741EE44E5400490A98 /* libopencv_features2d.3.2.0.dylib */; };
		C7A313AB1EE44E5400490A98 /* libopencv_flann.3.2.0.dylib in Frameworks */ = {isa = PBXBuildFile; fileRef = C7A313751EE44E5400490A98 /* libopencv_flann.3.2.0.dylib */; };
		C7A313AC1EE44E5400490A98 /* libopencv_flann.3.2.0.dylib in Frameworks */ = {isa = PBXBuildFile; fileRef = C7A313761EE44E5400490A98 /* libopencv_flann.3.2.0.dylib */; };
		C7A313AD1EE44E5400490A98 /* libopencv_flann.3.2.0.dylib in Frameworks */ = {isa = PBXBuildFile; fileRef = C7A313771EE44E5400490A98 /* libopencv_flann.3.2.0.dylib */; };
		C7A313AE1EE44E5400490A98 /* libopencv_highgui.3.2.0.dylib in Frameworks */ = {isa = PBXBuildFile; fileRef = C7A313781EE44E5400490A98 /* libopencv_highgui.3.2.0.dylib */; };
		C7A313AF1EE44E5400490A98 /* libopencv_highgui.3.2.0.dylib in Frameworks */ = {isa = PBXBuildFile; fileRef = C7A313791EE44E5400490A98 /* libopencv_highgui.3.2.0.dylib */; };
		C7A313B01EE44E5400490A98 /* libopencv_highgui.3.2.0.dylib in Frameworks */ = {isa = PBXBuildFile; fileRef = C7A3137A1EE44E5400490A98 /* libopencv_highgui.3.2.0.dylib */; };
		C7A313B11EE44E5400490A98 /* libopencv_imgcodecs.3.2.0.dylib in Frameworks */ = {isa = PBXBuildFile; fileRef = C7A3137B1EE44E5400490A98 /* libopencv_imgcodecs.3.2.0.dylib */; };
		C7A313B21EE44E5400490A98 /* libopencv_imgcodecs.3.2.0.dylib in Frameworks */ = {isa = PBXBuildFile; fileRef = C7A3137C1EE44E5400490A98 /* libopencv_imgcodecs.3.2.0.dylib */; };
		C7A313B31EE44E5400490A98 /* libopencv_imgcodecs.3.2.0.dylib in Frameworks */ = {isa = PBXBuildFile; fileRef = C7A3137D1EE44E5400490A98 /* libopencv_imgcodecs.3.2.0.dylib */; };
		C7A313B41EE44E5400490A98 /* libopencv_imgproc.3.2.0.dylib in Frameworks */ = {isa = PBXBuildFile; fileRef = C7A3137E1EE44E5400490A98 /* libopencv_imgproc.3.2.0.dylib */; };
		C7A313B51EE44E5400490A98 /* libopencv_imgproc.3.2.0.dylib in Frameworks */ = {isa = PBXBuildFile; fileRef = C7A3137F1EE44E5400490A98 /* libopencv_imgproc.3.2.0.dylib */; };
		C7A313B61EE44E5400490A98 /* libopencv_imgproc.3.2.0.dylib in Frameworks */ = {isa = PBXBuildFile; fileRef = C7A313801EE44E5400490A98 /* libopencv_imgproc.3.2.0.dylib */; };
		C7A313B71EE44E5400490A98 /* libopencv_ml.3.2.0.dylib in Frameworks */ = {isa = PBXBuildFile; fileRef = C7A313811EE44E5400490A98 /* libopencv_ml.3.2.0.dylib */; };
		C7A313B81EE44E5400490A98 /* libopencv_ml.3.2.0.dylib in Frameworks */ = {isa = PBXBuildFile; fileRef = C7A313821EE44E5400490A98 /* libopencv_ml.3.2.0.dylib */; };
		C7A313B91EE44E5400490A98 /* libopencv_ml.3.2.0.dylib in Frameworks */ = {isa = PBXBuildFile; fileRef = C7A313831EE44E5400490A98 /* libopencv_ml.3.2.0.dylib */; };
		C7A313BA1EE44E5400490A98 /* libopencv_objdetect.3.2.0.dylib in Frameworks */ = {isa = PBXBuildFile; fileRef = C7A313841EE44E5400490A98 /* libopencv_objdetect.3.2.0.dylib */; };
		C7A313BB1EE44E5400490A98 /* libopencv_objdetect.3.2.0.dylib in Frameworks */ = {isa = PBXBuildFile; fileRef = C7A313851EE44E5400490A98 /* libopencv_objdetect.3.2.0.dylib */; };
		C7A313BC1EE44E5400490A98 /* libopencv_objdetect.3.2.0.dylib in Frameworks */ = {isa = PBXBuildFile; fileRef = C7A313861EE44E5400490A98 /* libopencv_objdetect.3.2.0.dylib */; };
		C7A313BD1EE44E5400490A98 /* libopencv_photo.3.2.0.dylib in Frameworks */ = {isa = PBXBuildFile; fileRef = C7A313871EE44E5400490A98 /* libopencv_photo.3.2.0.dylib */; };
		C7A313BE1EE44E5400490A98 /* libopencv_photo.3.2.0.dylib in Frameworks */ = {isa = PBXBuildFile; fileRef = C7A313881EE44E5400490A98 /* libopencv_photo.3.2.0.dylib */; };
		C7A313BF1EE44E5400490A98 /* libopencv_photo.3.2.0.dylib in Frameworks */ = {isa = PBXBuildFile; fileRef = C7A313891EE44E5400490A98 /* libopencv_photo.3.2.0.dylib */; };
		C7A313C01EE44E5400490A98 /* libopencv_shape.3.2.0.dylib in Frameworks */ = {isa = PBXBuildFile; fileRef = C7A3138A1EE44E5400490A98 /* libopencv_shape.3.2.0.dylib */; };
		C7A313C11EE44E5400490A98 /* libopencv_shape.3.2.0.dylib in Frameworks */ = {isa = PBXBuildFile; fileRef = C7A3138B1EE44E5400490A98 /* libopencv_shape.3.2.0.dylib */; };
		C7A313C21EE44E5400490A98 /* libopencv_shape.3.2.0.dylib in Frameworks */ = {isa = PBXBuildFile; fileRef = C7A3138C1EE44E5400490A98 /* libopencv_shape.3.2.0.dylib */; };
		C7A313C31EE44E5400490A98 /* libopencv_stitching.3.2.0.dylib in Frameworks */ = {isa = PBXBuildFile; fileRef = C7A3138D1EE44E5400490A98 /* libopencv_stitching.3.2.0.dylib */; };
		C7A313C41EE44E5400490A98 /* libopencv_stitching.3.2.0.dylib in Frameworks */ = {isa = PBXBuildFile; fileRef = C7A3138E1EE44E5400490A98 /* libopencv_stitching.3.2.0.dylib */; };
		C7A313C51EE44E5400490A98 /* libopencv_stitching.3.2.0.dylib in Frameworks */ = {isa = PBXBuildFile; fileRef = C7A3138F1EE44E5400490A98 /* libopencv_stitching.3.2.0.dylib */; };
		C7A313C61EE44E5400490A98 /* libopencv_superres.3.2.0.dylib in Frameworks */ = {isa = PBXBuildFile; fileRef = C7A313901EE44E5400490A98 /* libopencv_superres.3.2.0.dylib */; };
		C7A313C71EE44E5400490A98 /* libopencv_superres.3.2.0.dylib in Frameworks */ = {isa = PBXBuildFile; fileRef = C7A313911EE44E5400490A98 /* libopencv_superres.3.2.0.dylib */; };
		C7A313C81EE44E5400490A98 /* libopencv_superres.3.2.0.dylib in Frameworks */ = {isa = PBXBuildFile; fileRef = C7A313921EE44E5400490A98 /* libopencv_superres.3.2.0.dylib */; };
		C7A313C91EE44E5400490A98 /* libopencv_video.3.2.0.dylib in Frameworks */ = {isa = PBXBuildFile; fileRef = C7A313931EE44E5400490A98 /* libopencv_video.3.2.0.dylib */; };
		C7A313CA1EE44E5400490A98 /* libopencv_video.3.2.0.dylib in Frameworks */ = {isa = PBXBuildFile; fileRef = C7A313941EE44E5400490A98 /* libopencv_video.3.2.0.dylib */; };
		C7A313CB1EE44E5400490A98 /* libopencv_video.3.2.0.dylib in Frameworks */ = {isa = PBXBuildFile; fileRef = C7A313951EE44E5400490A98 /* libopencv_video.3.2.0.dylib */; };
		C7A313CC1EE44E5400490A98 /* libopencv_videoio.3.2.0.dylib in Frameworks */ = {isa = PBXBuildFile; fileRef = C7A313961EE44E5400490A98 /* libopencv_videoio.3.2.0.dylib */; };
		C7A313CD1EE44E5400490A98 /* libopencv_videoio.3.2.0.dylib in Frameworks */ = {isa = PBXBuildFile; fileRef = C7A313971EE44E5400490A98 /* libopencv_videoio.3.2.0.dylib */; };
		C7A313CE1EE44E5400490A98 /* libopencv_videoio.3.2.0.dylib in Frameworks */ = {isa = PBXBuildFile; fileRef = C7A313981EE44E5400490A98 /* libopencv_videoio.3.2.0.dylib */; };
		C7A313CF1EE44E5400490A98 /* libopencv_videostab.3.2.0.dylib in Frameworks */ = {isa = PBXBuildFile; fileRef = C7A313991EE44E5400490A98 /* libopencv_videostab.3.2.0.dylib */; };
		C7A313D01EE44E5400490A98 /* libopencv_videostab.3.2.0.dylib in Frameworks */ = {isa = PBXBuildFile; fileRef = C7A3139A1EE44E5400490A98 /* libopencv_videostab.3.2.0.dylib */; };
		C7A313D11EE44E5400490A98 /* libopencv_videostab.3.2.0.dylib in Frameworks */ = {isa = PBXBuildFile; fileRef = C7A3139B1EE44E5400490A98 /* libopencv_videostab.3.2.0.dylib */; };
/* End PBXBuildFile section */

/* Begin PBXCopyFilesBuildPhase section */
		C7A3135A1EE44D9600490A98 /* CopyFiles */ = {
			isa = PBXCopyFilesBuildPhase;
			buildActionMask = 2147483647;
			dstPath = /usr/share/man/man1/;
			dstSubfolderSpec = 0;
			files = (
			);
			runOnlyForDeploymentPostprocessing = 1;
		};
/* End PBXCopyFilesBuildPhase section */

/* Begin PBXFileReference section */
		C7A3135C1EE44D9600490A98 /* projecCppB10 */ = {isa = PBXFileReference; explicitFileType = "compiled.mach-o.executable"; includeInIndex = 0; path = projecCppB10; sourceTree = BUILT_PRODUCTS_DIR; };
		C7A3135F1EE44D9600490A98 /* main.cpp */ = {isa = PBXFileReference; lastKnownFileType = sourcecode.cpp.cpp; path = main.cpp; sourceTree = "<group>"; };
		C7A313661EE44E5400490A98 /* libGLEW.2.0.0.dylib */ = {isa = PBXFileReference; lastKnownFileType = "compiled.mach-o.dylib"; path = libGLEW.2.0.0.dylib; sourceTree = "<group>"; };
		C7A313671EE44E5400490A98 /* libGLEW.2.0.0.dylib */ = {isa = PBXFileReference; lastKnownFileType = "compiled.mach-o.dylib"; path = libGLEW.2.0.0.dylib; sourceTree = "<group>"; };
		C7A313681EE44E5400490A98 /* libGLEW.2.0.0.dylib */ = {isa = PBXFileReference; lastKnownFileType = "compiled.mach-o.dylib"; path = libGLEW.2.0.0.dylib; sourceTree = "<group>"; };
		C7A313691EE44E5400490A98 /* libglfw3.3.2.dylib */ = {isa = PBXFileReference; lastKnownFileType = "compiled.mach-o.dylib"; path = libglfw3.3.2.dylib; sourceTree = "<group>"; };
		C7A3136A1EE44E5400490A98 /* libglfw3.3.2.dylib */ = {isa = PBXFileReference; lastKnownFileType = "compiled.mach-o.dylib"; path = libglfw3.3.2.dylib; sourceTree = "<group>"; };
		C7A3136B1EE44E5400490A98 /* libglfw3.3.2.dylib */ = {isa = PBXFileReference; lastKnownFileType = "compiled.mach-o.dylib"; path = libglfw3.3.2.dylib; sourceTree = "<group>"; };
		C7A3136C1EE44E5400490A98 /* libopencv_calib3d.3.2.0.dylib */ = {isa = PBXFileReference; lastKnownFileType = "compiled.mach-o.dylib"; path = libopencv_calib3d.3.2.0.dylib; sourceTree = "<group>"; };
		C7A3136D1EE44E5400490A98 /* libopencv_calib3d.3.2.0.dylib */ = {isa = PBXFileReference; lastKnownFileType = "compiled.mach-o.dylib"; path = libopencv_calib3d.3.2.0.dylib; sourceTree = "<group>"; };
		C7A3136E1EE44E5400490A98 /* libopencv_calib3d.3.2.0.dylib */ = {isa = PBXFileReference; lastKnownFileType = "compiled.mach-o.dylib"; path = libopencv_calib3d.3.2.0.dylib; sourceTree = "<group>"; };
		C7A3136F1EE44E5400490A98 /* libopencv_core.3.2.0.dylib */ = {isa = PBXFileReference; lastKnownFileType = "compiled.mach-o.dylib"; path = libopencv_core.3.2.0.dylib; sourceTree = "<group>"; };
		C7A313701EE44E5400490A98 /* libopencv_core.3.2.0.dylib */ = {isa = PBXFileReference; lastKnownFileType = "compiled.mach-o.dylib"; path = libopencv_core.3.2.0.dylib; sourceTree = "<group>"; };
		C7A313711EE44E5400490A98 /* libopencv_core.3.2.0.dylib */ = {isa = PBXFileReference; lastKnownFileType = "compiled.mach-o.dylib"; path = libopencv_core.3.2.0.dylib; sourceTree = "<group>"; };
		C7A313721EE44E5400490A98 /* libopencv_features2d.3.2.0.dylib */ = {isa = PBXFileReference; lastKnownFileType = "compiled.mach-o.dylib"; path = libopencv_features2d.3.2.0.dylib; sourceTree = "<group>"; };
		C7A313731EE44E5400490A98 /* libopencv_features2d.3.2.0.dylib */ = {isa = PBXFileReference; lastKnownFileType = "compiled.mach-o.dylib"; path = libopencv_features2d.3.2.0.dylib; sourceTree = "<group>"; };
		C7A313741EE44E5400490A98 /* libopencv_features2d.3.2.0.dylib */ = {isa = PBXFileReference; lastKnownFileType = "compiled.mach-o.dylib"; path = libopencv_features2d.3.2.0.dylib; sourceTree = "<group>"; };
		C7A313751EE44E5400490A98 /* libopencv_flann.3.2.0.dylib */ = {isa = PBXFileReference; lastKnownFileType = "compiled.mach-o.dylib"; path = libopencv_flann.3.2.0.dylib; sourceTree = "<group>"; };
		C7A313761EE44E5400490A98 /* libopencv_flann.3.2.0.dylib */ = {isa = PBXFileReference; lastKnownFileType = "compiled.mach-o.dylib"; path = libopencv_flann.3.2.0.dylib; sourceTree = "<group>"; };
		C7A313771EE44E5400490A98 /* libopencv_flann.3.2.0.dylib */ = {isa = PBXFileReference; lastKnownFileType = "compiled.mach-o.dylib"; path = libopencv_flann.3.2.0.dylib; sourceTree = "<group>"; };
		C7A313781EE44E5400490A98 /* libopencv_highgui.3.2.0.dylib */ = {isa = PBXFileReference; lastKnownFileType = "compiled.mach-o.dylib"; path = libopencv_highgui.3.2.0.dylib; sourceTree = "<group>"; };
		C7A313791EE44E5400490A98 /* libopencv_highgui.3.2.0.dylib */ = {isa = PBXFileReference; lastKnownFileType = "compiled.mach-o.dylib"; path = libopencv_highgui.3.2.0.dylib; sourceTree = "<group>"; };
		C7A3137A1EE44E5400490A98 /* libopencv_highgui.3.2.0.dylib */ = {isa = PBXFileReference; lastKnownFileType = "compiled.mach-o.dylib"; path = libopencv_highgui.3.2.0.dylib; sourceTree = "<group>"; };
		C7A3137B1EE44E5400490A98 /* libopencv_imgcodecs.3.2.0.dylib */ = {isa = PBXFileReference; lastKnownFileType = "compiled.mach-o.dylib"; path = libopencv_imgcodecs.3.2.0.dylib; sourceTree = "<group>"; };
		C7A3137C1EE44E5400490A98 /* libopencv_imgcodecs.3.2.0.dylib */ = {isa = PBXFileReference; lastKnownFileType = "compiled.mach-o.dylib"; path = libopencv_imgcodecs.3.2.0.dylib; sourceTree = "<group>"; };
		C7A3137D1EE44E5400490A98 /* libopencv_imgcodecs.3.2.0.dylib */ = {isa = PBXFileReference; lastKnownFileType = "compiled.mach-o.dylib"; path = libopencv_imgcodecs.3.2.0.dylib; sourceTree = "<group>"; };
		C7A3137E1EE44E5400490A98 /* libopencv_imgproc.3.2.0.dylib */ = {isa = PBXFileReference; lastKnownFileType = "compiled.mach-o.dylib"; path = libopencv_imgproc.3.2.0.dylib; sourceTree = "<group>"; };
		C7A3137F1EE44E5400490A98 /* libopencv_imgproc.3.2.0.dylib */ = {isa = PBXFileReference; lastKnownFileType = "compiled.mach-o.dylib"; path = libopencv_imgproc.3.2.0.dylib; sourceTree = "<group>"; };
		C7A313801EE44E5400490A98 /* libopencv_imgproc.3.2.0.dylib */ = {isa = PBXFileReference; lastKnownFileType = "compiled.mach-o.dylib"; path = libopencv_imgproc.3.2.0.dylib; sourceTree = "<group>"; };
		C7A313811EE44E5400490A98 /* libopencv_ml.3.2.0.dylib */ = {isa = PBXFileReference; lastKnownFileType = "compiled.mach-o.dylib"; path = libopencv_ml.3.2.0.dylib; sourceTree = "<group>"; };
		C7A313821EE44E5400490A98 /* libopencv_ml.3.2.0.dylib */ = {isa = PBXFileReference; lastKnownFileType = "compiled.mach-o.dylib"; path = libopencv_ml.3.2.0.dylib; sourceTree = "<group>"; };
		C7A313831EE44E5400490A98 /* libopencv_ml.3.2.0.dylib */ = {isa = PBXFileReference; lastKnownFileType = "compiled.mach-o.dylib"; path = libopencv_ml.3.2.0.dylib; sourceTree = "<group>"; };
		C7A313841EE44E5400490A98 /* libopencv_objdetect.3.2.0.dylib */ = {isa = PBXFileReference; lastKnownFileType = "compiled.mach-o.dylib"; path = libopencv_objdetect.3.2.0.dylib; sourceTree = "<group>"; };
		C7A313851EE44E5400490A98 /* libopencv_objdetect.3.2.0.dylib */ = {isa = PBXFileReference; lastKnownFileType = "compiled.mach-o.dylib"; path = libopencv_objdetect.3.2.0.dylib; sourceTree = "<group>"; };
		C7A313861EE44E5400490A98 /* libopencv_objdetect.3.2.0.dylib */ = {isa = PBXFileReference; lastKnownFileType = "compiled.mach-o.dylib"; path = libopencv_objdetect.3.2.0.dylib; sourceTree = "<group>"; };
		C7A313871EE44E5400490A98 /* libopencv_photo.3.2.0.dylib */ = {isa = PBXFileReference; lastKnownFileType = "compiled.mach-o.dylib"; path = libopencv_photo.3.2.0.dylib; sourceTree = "<group>"; };
		C7A313881EE44E5400490A98 /* libopencv_photo.3.2.0.dylib */ = {isa = PBXFileReference; lastKnownFileType = "compiled.mach-o.dylib"; path = libopencv_photo.3.2.0.dylib; sourceTree = "<group>"; };
		C7A313891EE44E5400490A98 /* libopencv_photo.3.2.0.dylib */ = {isa = PBXFileReference; lastKnownFileType = "compiled.mach-o.dylib"; path = libopencv_photo.3.2.0.dylib; sourceTree = "<group>"; };
		C7A3138A1EE44E5400490A98 /* libopencv_shape.3.2.0.dylib */ = {isa = PBXFileReference; lastKnownFileType = "compiled.mach-o.dylib"; path = libopencv_shape.3.2.0.dylib; sourceTree = "<group>"; };
		C7A3138B1EE44E5400490A98 /* libopencv_shape.3.2.0.dylib */ = {isa = PBXFileReference; lastKnownFileType = "compiled.mach-o.dylib"; path = libopencv_shape.3.2.0.dylib; sourceTree = "<group>"; };
		C7A3138C1EE44E5400490A98 /* libopencv_shape.3.2.0.dylib */ = {isa = PBXFileReference; lastKnownFileType = "compiled.mach-o.dylib"; path = libopencv_shape.3.2.0.dylib; sourceTree = "<group>"; };
		C7A3138D1EE44E5400490A98 /* libopencv_stitching.3.2.0.dylib */ = {isa = PBXFileReference; lastKnownFileType = "compiled.mach-o.dylib"; path = libopencv_stitching.3.2.0.dylib; sourceTree = "<group>"; };
		C7A3138E1EE44E5400490A98 /* libopencv_stitching.3.2.0.dylib */ = {isa = PBXFileReference; lastKnownFileType = "compiled.mach-o.dylib"; path = libopencv_stitching.3.2.0.dylib; sourceTree = "<group>"; };
		C7A3138F1EE44E5400490A98 /* libopencv_stitching.3.2.0.dylib */ = {isa = PBXFileReference; lastKnownFileType = "compiled.mach-o.dylib"; path = libopencv_stitching.3.2.0.dylib; sourceTree = "<group>"; };
		C7A313901EE44E5400490A98 /* libopencv_superres.3.2.0.dylib */ = {isa = PBXFileReference; lastKnownFileType = "compiled.mach-o.dylib"; path = libopencv_superres.3.2.0.dylib; sourceTree = "<group>"; };
		C7A313911EE44E5400490A98 /* libopencv_superres.3.2.0.dylib */ = {isa = PBXFileReference; lastKnownFileType = "compiled.mach-o.dylib"; path = libopencv_superres.3.2.0.dylib; sourceTree = "<group>"; };
		C7A313921EE44E5400490A98 /* libopencv_superres.3.2.0.dylib */ = {isa = PBXFileReference; lastKnownFileType = "compiled.mach-o.dylib"; path = libopencv_superres.3.2.0.dylib; sourceTree = "<group>"; };
		C7A313931EE44E5400490A98 /* libopencv_video.3.2.0.dylib */ = {isa = PBXFileReference; lastKnownFileType = "compiled.mach-o.dylib"; path = libopencv_video.3.2.0.dylib; sourceTree = "<group>"; };
		C7A313941EE44E5400490A98 /* libopencv_video.3.2.0.dylib */ = {isa = PBXFileReference; lastKnownFileType = "compiled.mach-o.dylib"; path = libopencv_video.3.2.0.dylib; sourceTree = "<group>"; };
		C7A313951EE44E5400490A98 /* libopencv_video.3.2.0.dylib */ = {isa = PBXFileReference; lastKnownFileType = "compiled.mach-o.dylib"; path = libopencv_video.3.2.0.dylib; sourceTree = "<group>"; };
		C7A313961EE44E5400490A98 /* libopencv_videoio.3.2.0.dylib */ = {isa = PBXFileReference; lastKnownFileType = "compiled.mach-o.dylib"; path = libopencv_videoio.3.2.0.dylib; sourceTree = "<group>"; };
		C7A313971EE44E5400490A98 /* libopencv_videoio.3.2.0.dylib */ = {isa = PBXFileReference; lastKnownFileType = "compiled.mach-o.dylib"; path = libopencv_videoio.3.2.0.dylib; sourceTree = "<group>"; };
		C7A313981EE44E5400490A98 /* libopencv_videoio.3.2.0.dylib */ = {isa = PBXFileReference; lastKnownFileType = "compiled.mach-o.dylib"; path = libopencv_videoio.3.2.0.dylib; sourceTree = "<group>"; };
		C7A313991EE44E5400490A98 /* libopencv_videostab.3.2.0.dylib */ = {isa = PBXFileReference; lastKnownFileType = "compiled.mach-o.dylib"; path = libopencv_videostab.3.2.0.dylib; sourceTree = "<group>"; };
		C7A3139A1EE44E5400490A98 /* libopencv_videostab.3.2.0.dylib */ = {isa = PBXFileReference; lastKnownFileType = "compiled.mach-o.dylib"; path = libopencv_videostab.3.2.0.dylib; sourceTree = "<group>"; };
		C7A3139B1EE44E5400490A98 /* libopencv_videostab.3.2.0.dylib */ = {isa = PBXFileReference; lastKnownFileType = "compiled.mach-o.dylib"; path = libopencv_videostab.3.2.0.dylib; sourceTree = "<group>"; };
/* End PBXFileReference section */

/* Begin PBXFrameworksBuildPhase section */
		C7A313591EE44D9600490A98 /* Frameworks */ = {
			isa = PBXFrameworksBuildPhase;
			buildActionMask = 2147483647;
			files = (
				C7A313C01EE44E5400490A98 /* libopencv_shape.3.2.0.dylib in Frameworks */,
				C7A313B61EE44E5400490A98 /* libopencv_imgproc.3.2.0.dylib in Frameworks */,
				C7A313AF1EE44E5400490A98 /* libopencv_highgui.3.2.0.dylib in Frameworks */,
				C7A313BE1EE44E5400490A98 /* libopencv_photo.3.2.0.dylib in Frameworks */,
				C7A313C81EE44E5400490A98 /* libopencv_superres.3.2.0.dylib in Frameworks */,
				C7A313CC1EE44E5400490A98 /* libopencv_videoio.3.2.0.dylib in Frameworks */,
				C7A3139E1EE44E5400490A98 /* libGLEW.2.0.0.dylib in Frameworks */,
				C7A313C71EE44E5400490A98 /* libopencv_superres.3.2.0.dylib in Frameworks */,
				C7A313BC1EE44E5400490A98 /* libopencv_objdetect.3.2.0.dylib in Frameworks */,
				C7A313B81EE44E5400490A98 /* libopencv_ml.3.2.0.dylib in Frameworks */,
				C7A313BD1EE44E5400490A98 /* libopencv_photo.3.2.0.dylib in Frameworks */,
				C7A313BF1EE44E5400490A98 /* libopencv_photo.3.2.0.dylib in Frameworks */,
				C7A313B71EE44E5400490A98 /* libopencv_ml.3.2.0.dylib in Frameworks */,
				C7A313D01EE44E5400490A98 /* libopencv_videostab.3.2.0.dylib in Frameworks */,
				C7A313A31EE44E5400490A98 /* libopencv_calib3d.3.2.0.dylib in Frameworks */,
				C7A313B11EE44E5400490A98 /* libopencv_imgcodecs.3.2.0.dylib in Frameworks */,
				C7A313CA1EE44E5400490A98 /* libopencv_video.3.2.0.dylib in Frameworks */,
				C7A313C51EE44E5400490A98 /* libopencv_stitching.3.2.0.dylib in Frameworks */,
				C7A313C11EE44E5400490A98 /* libopencv_shape.3.2.0.dylib in Frameworks */,
				C7A313CF1EE44E5400490A98 /* libopencv_videostab.3.2.0.dylib in Frameworks */,
				C7A313AD1EE44E5400490A98 /* libopencv_flann.3.2.0.dylib in Frameworks */,
				C7A313A21EE44E5400490A98 /* libopencv_calib3d.3.2.0.dylib in Frameworks */,
				C7A313C91EE44E5400490A98 /* libopencv_video.3.2.0.dylib in Frameworks */,
				C7A313CB1EE44E5400490A98 /* libopencv_video.3.2.0.dylib in Frameworks */,
				C7A313C61EE44E5400490A98 /* libopencv_superres.3.2.0.dylib in Frameworks */,
				C7A313B91EE44E5400490A98 /* libopencv_ml.3.2.0.dylib in Frameworks */,
				C7A313B41EE44E5400490A98 /* libopencv_imgproc.3.2.0.dylib in Frameworks */,
				C7A313AA1EE44E5400490A98 /* libopencv_features2d.3.2.0.dylib in Frameworks */,
				C7A313CD1EE44E5400490A98 /* libopencv_videoio.3.2.0.dylib in Frameworks */,
				C7A313B51EE44E5400490A98 /* libopencv_imgproc.3.2.0.dylib in Frameworks */,
				C7A313BA1EE44E5400490A98 /* libopencv_objdetect.3.2.0.dylib in Frameworks */,
				C7A313B31EE44E5400490A98 /* libopencv_imgcodecs.3.2.0.dylib in Frameworks */,
				C7A3139C1EE44E5400490A98 /* libGLEW.2.0.0.dylib in Frameworks */,
				C7A313A61EE44E5400490A98 /* libopencv_core.3.2.0.dylib in Frameworks */,
				C7A313A41EE44E5400490A98 /* libopencv_calib3d.3.2.0.dylib in Frameworks */,
				C7A313A91EE44E5400490A98 /* libopencv_features2d.3.2.0.dylib in Frameworks */,
				C7A3139D1EE44E5400490A98 /* libGLEW.2.0.0.dylib in Frameworks */,
				C7A313C21EE44E5400490A98 /* libopencv_shape.3.2.0.dylib in Frameworks */,
				C7A313A11EE44E5400490A98 /* libglfw3.3.2.dylib in Frameworks */,
				C7A313BB1EE44E5400490A98 /* libopencv_objdetect.3.2.0.dylib in Frameworks */,
				C7A313CE1EE44E5400490A98 /* libopencv_videoio.3.2.0.dylib in Frameworks */,
				C7A313AE1EE44E5400490A98 /* libopencv_highgui.3.2.0.dylib in Frameworks */,
				C7A313D11EE44E5400490A98 /* libopencv_videostab.3.2.0.dylib in Frameworks */,
				C7A313C31EE44E5400490A98 /* libopencv_stitching.3.2.0.dylib in Frameworks */,
				C7A313B21EE44E5400490A98 /* libopencv_imgcodecs.3.2.0.dylib in Frameworks */,
				C7A3139F1EE44E5400490A98 /* libglfw3.3.2.dylib in Frameworks */,
				C7A313C41EE44E5400490A98 /* libopencv_stitching.3.2.0.dylib in Frameworks */,
				C7A313A81EE44E5400490A98 /* libopencv_features2d.3.2.0.dylib in Frameworks */,
				C7A313AB1EE44E5400490A98 /* libopencv_flann.3.2.0.dylib in Frameworks */,
				C7A313B01EE44E5400490A98 /* libopencv_highgui.3.2.0.dylib in Frameworks */,
				C7A313A71EE44E5400490A98 /* libopencv_core.3.2.0.dylib in Frameworks */,
				C7A313AC1EE44E5400490A98 /* libopencv_flann.3.2.0.dylib in Frameworks */,
				C7A313A01EE44E5400490A98 /* libglfw3.3.2.dylib in Frameworks */,
				C7A313A51EE44E5400490A98 /* libopencv_core.3.2.0.dylib in Frameworks */,
			);
			runOnlyForDeploymentPostprocessing = 0;
		};
/* End PBXFrameworksBuildPhase section */

/* Begin PBXGroup section */
		C7A313531EE44D9600490A98 = {
			isa = PBXGroup;
			children = (
				C7A313661EE44E5400490A98 /* libGLEW.2.0.0.dylib */,
				C7A313671EE44E5400490A98 /* libGLEW.2.0.0.dylib */,
				C7A313681EE44E5400490A98 /* libGLEW.2.0.0.dylib */,
				C7A313691EE44E5400490A98 /* libglfw3.3.2.dylib */,
				C7A3136A1EE44E5400490A98 /* libglfw3.3.2.dylib */,
				C7A3136B1EE44E5400490A98 /* libglfw3.3.2.dylib */,
				C7A3136C1EE44E5400490A98 /* libopencv_calib3d.3.2.0.dylib */,
				C7A3136D1EE44E5400490A98 /* libopencv_calib3d.3.2.0.dylib */,
				C7A3136E1EE44E5400490A98 /* libopencv_calib3d.3.2.0.dylib */,
				C7A3136F1EE44E5400490A98 /* libopencv_core.3.2.0.dylib */,
				C7A313701EE44E5400490A98 /* libopencv_core.3.2.0.dylib */,
				C7A313711EE44E5400490A98 /* libopencv_core.3.2.0.dylib */,
				C7A313721EE44E5400490A98 /* libopencv_features2d.3.2.0.dylib */,
				C7A313731EE44E5400490A98 /* libopencv_features2d.3.2.0.dylib */,
				C7A313741EE44E5400490A98 /* libopencv_features2d.3.2.0.dylib */,
				C7A313751EE44E5400490A98 /* libopencv_flann.3.2.0.dylib */,
				C7A313761EE44E5400490A98 /* libopencv_flann.3.2.0.dylib */,
				C7A313771EE44E5400490A98 /* libopencv_flann.3.2.0.dylib */,
				C7A313781EE44E5400490A98 /* libopencv_highgui.3.2.0.dylib */,
				C7A313791EE44E5400490A98 /* libopencv_highgui.3.2.0.dylib */,
				C7A3137A1EE44E5400490A98 /* libopencv_highgui.3.2.0.dylib */,
				C7A3137B1EE44E5400490A98 /* libopencv_imgcodecs.3.2.0.dylib */,
				C7A3137C1EE44E5400490A98 /* libopencv_imgcodecs.3.2.0.dylib */,
				C7A3137D1EE44E5400490A98 /* libopencv_imgcodecs.3.2.0.dylib */,
				C7A3137E1EE44E5400490A98 /* libopencv_imgproc.3.2.0.dylib */,
				C7A3137F1EE44E5400490A98 /* libopencv_imgproc.3.2.0.dylib */,
				C7A313801EE44E5400490A98 /* libopencv_imgproc.3.2.0.dylib */,
				C7A313811EE44E5400490A98 /* libopencv_ml.3.2.0.dylib */,
				C7A313821EE44E5400490A98 /* libopencv_ml.3.2.0.dylib */,
				C7A313831EE44E5400490A98 /* libopencv_ml.3.2.0.dylib */,
				C7A313841EE44E5400490A98 /* libopencv_objdetect.3.2.0.dylib */,
				C7A313851EE44E5400490A98 /* libopencv_objdetect.3.2.0.dylib */,
				C7A313861EE44E5400490A98 /* libopencv_objdetect.3.2.0.dylib */,
				C7A313871EE44E5400490A98 /* libopencv_photo.3.2.0.dylib */,
				C7A313881EE44E5400490A98 /* libopencv_photo.3.2.0.dylib */,
				C7A313891EE44E5400490A98 /* libopencv_photo.3.2.0.dylib */,
				C7A3138A1EE44E5400490A98 /* libopencv_shape.3.2.0.dylib */,
				C7A3138B1EE44E5400490A98 /* libopencv_shape.3.2.0.dylib */,
				C7A3138C1EE44E5400490A98 /* libopencv_shape.3.2.0.dylib */,
				C7A3138D1EE44E5400490A98 /* libopencv_stitching.3.2.0.dylib */,
				C7A3138E1EE44E5400490A98 /* libopencv_stitching.3.2.0.dylib */,
				C7A3138F1EE44E5400490A98 /* libopencv_stitching.3.2.0.dylib */,
				C7A313901EE44E5400490A98 /* libopencv_superres.3.2.0.dylib */,
				C7A313911EE44E5400490A98 /* libopencv_superres.3.2.0.dylib */,
				C7A313921EE44E5400490A98 /* libopencv_superres.3.2.0.dylib */,
				C7A313931EE44E5400490A98 /* libopencv_video.3.2.0.dylib */,
				C7A313941EE44E5400490A98 /* libopencv_video.3.2.0.dylib */,
				C7A313951EE44E5400490A98 /* libopencv_video.3.2.0.dylib */,
				C7A313961EE44E5400490A98 /* libopencv_videoio.3.2.0.dylib */,
				C7A313971EE44E5400490A98 /* libopencv_videoio.3.2.0.dylib */,
				C7A313981EE44E5400490A98 /* libopencv_videoio.3.2.0.dylib */,
				C7A313991EE44E5400490A98 /* libopencv_videostab.3.2.0.dylib */,
				C7A3139A1EE44E5400490A98 /* libopencv_videostab.3.2.0.dylib */,
				C7A3139B1EE44E5400490A98 /* libopencv_videostab.3.2.0.dylib */,
				C7A3135E1EE44D9600490A98 /* projecCppB10 */,
				C7A3135D1EE44D9600490A98 /* Products */,
			);
			sourceTree = "<group>";
		};
		C7A3135D1EE44D9600490A98 /* Products */ = {
			isa = PBXGroup;
			children = (
				C7A3135C1EE44D9600490A98 /* projecCppB10 */,
			);
			name = Products;
			sourceTree = "<group>";
		};
		C7A3135E1EE44D9600490A98 /* projecCppB10 */ = {
			isa = PBXGroup;
			children = (
				C7A3135F1EE44D9600490A98 /* main.cpp */,
			);
			path = projecCppB10;
			sourceTree = "<group>";
		};
/* End PBXGroup section */

/* Begin PBXNativeTarget section */
		C7A3135B1EE44D9600490A98 /* projecCppB10 */ = {
			isa = PBXNativeTarget;
			buildConfigurationList = C7A313631EE44D9600490A98 /* Build configuration list for PBXNativeTarget "projecCppB10" */;
			buildPhases = (
				C7A313581EE44D9600490A98 /* Sources */,
				C7A313591EE44D9600490A98 /* Frameworks */,
				C7A3135A1EE44D9600490A98 /* CopyFiles */,
			);
			buildRules = (
			);
			dependencies = (
			);
			name = projecCppB10;
			productName = projecCppB10;
			productReference = C7A3135C1EE44D9600490A98 /* projecCppB10 */;
			productType = "com.apple.product-type.tool";
		};
/* End PBXNativeTarget section */

/* Begin PBXProject section */
		C7A313541EE44D9600490A98 /* Project object */ = {
			isa = PBXProject;
			attributes = {
				LastUpgradeCheck = 0830;
				ORGANIZATIONNAME = joelin;
				TargetAttributes = {
					C7A3135B1EE44D9600490A98 = {
						CreatedOnToolsVersion = 8.3.2;
						DevelopmentTeam = 3LQXF983J7;
						ProvisioningStyle = Automatic;
					};
				};
			};
			buildConfigurationList = C7A313571EE44D9600490A98 /* Build configuration list for PBXProject "projecCppB10" */;
			compatibilityVersion = "Xcode 3.2";
			developmentRegion = English;
			hasScannedForEncodings = 0;
			knownRegions = (
				en,
			);
			mainGroup = C7A313531EE44D9600490A98;
			productRefGroup = C7A3135D1EE44D9600490A98 /* Products */;
			projectDirPath = "";
			projectRoot = "";
			targets = (
				C7A3135B1EE44D9600490A98 /* projecCppB10 */,
			);
		};
/* End PBXProject section */

/* Begin PBXSourcesBuildPhase section */
		C7A313581EE44D9600490A98 /* Sources */ = {
			isa = PBXSourcesBuildPhase;
			buildActionMask = 2147483647;
			files = (
				C7A313601EE44D9600490A98 /* main.cpp in Sources */,
			);
			runOnlyForDeploymentPostprocessing = 0;
		};
/* End PBXSourcesBuildPhase section */

/* Begin XCBuildConfiguration section */
		C7A313611EE44D9600490A98 /* Debug */ = {
			isa = XCBuildConfiguration;
			buildSettings = {
				ALWAYS_SEARCH_USER_PATHS = NO;
				CLANG_ANALYZER_NONNULL = YES;
				CLANG_ANALYZER_NUMBER_OBJECT_CONVERSION = YES_AGGRESSIVE;
				CLANG_CXX_LANGUAGE_STANDARD = "gnu++0x";
				CLANG_CXX_LIBRARY = "libc++";
				CLANG_ENABLE_MODULES = YES;
				CLANG_ENABLE_OBJC_ARC = YES;
				CLANG_WARN_BOOL_CONVERSION = YES;
				CLANG_WARN_CONSTANT_CONVERSION = YES;
				CLANG_WARN_DIRECT_OBJC_ISA_USAGE = YES_ERROR;
				CLANG_WARN_DOCUMENTATION_COMMENTS = YES;
				CLANG_WARN_EMPTY_BODY = YES;
				CLANG_WARN_ENUM_CONVERSION = YES;
				CLANG_WARN_INFINITE_RECURSION = YES;
				CLANG_WARN_INT_CONVERSION = YES;
				CLANG_WARN_OBJC_ROOT_CLASS = YES_ERROR;
				CLANG_WARN_SUSPICIOUS_MOVE = YES;
				CLANG_WARN_UNREACHABLE_CODE = YES;
				CLANG_WARN__DUPLICATE_METHOD_MATCH = YES;
				CODE_SIGN_IDENTITY = "-";
				COPY_PHASE_STRIP = NO;
				DEBUG_INFORMATION_FORMAT = dwarf;
				ENABLE_STRICT_OBJC_MSGSEND = YES;
				ENABLE_TESTABILITY = YES;
				GCC_C_LANGUAGE_STANDARD = gnu99;
				GCC_DYNAMIC_NO_PIC = NO;
				GCC_NO_COMMON_BLOCKS = YES;
				GCC_OPTIMIZATION_LEVEL = 0;
				GCC_PREPROCESSOR_DEFINITIONS = (
					"DEBUG=1",
					"$(inherited)",
				);
				GCC_WARN_64_TO_32_BIT_CONVERSION = YES;
				GCC_WARN_ABOUT_RETURN_TYPE = YES_ERROR;
				GCC_WARN_UNDECLARED_SELECTOR = YES;
				GCC_WARN_UNINITIALIZED_AUTOS = YES_AGGRESSIVE;
				GCC_WARN_UNUSED_FUNCTION = YES;
				GCC_WARN_UNUSED_VARIABLE = YES;
				MACOSX_DEPLOYMENT_TARGET = 10.12;
				MTL_ENABLE_DEBUG_INFO = YES;
				ONLY_ACTIVE_ARCH = YES;
				SDKROOT = macosx;
			};
			name = Debug;
		};
		C7A313621EE44D9600490A98 /* Release */ = {
			isa = XCBuildConfiguration;
			buildSettings = {
				ALWAYS_SEARCH_USER_PATHS = NO;
				CLANG_ANALYZER_NONNULL = YES;
				CLANG_ANALYZER_NUMBER_OBJECT_CONVERSION = YES_AGGRESSIVE;
				CLANG_CXX_LANGUAGE_STANDARD = "gnu++0x";
				CLANG_CXX_LIBRARY = "libc++";
				CLANG_ENABLE_MODULES = YES;
				CLANG_ENABLE_OBJC_ARC = YES;
				CLANG_WARN_BOOL_CONVERSION = YES;
				CLANG_WARN_CONSTANT_CONVERSION = YES;
				CLANG_WARN_DIRECT_OBJC_ISA_USAGE = YES_ERROR;
				CLANG_WARN_DOCUMENTATION_COMMENTS = YES;
				CLANG_WARN_EMPTY_BODY = YES;
				CLANG_WARN_ENUM_CONVERSION = YES;
				CLANG_WARN_INFINITE_RECURSION = YES;
				CLANG_WARN_INT_CONVERSION = YES;
				CLANG_WARN_OBJC_ROOT_CLASS = YES_ERROR;
				CLANG_WARN_SUSPICIOUS_MOVE = YES;
				CLANG_WARN_UNREACHABLE_CODE = YES;
				CLANG_WARN__DUPLICATE_METHOD_MATCH = YES;
				CODE_SIGN_IDENTITY = "-";
				COPY_PHASE_STRIP = NO;
				DEBUG_INFORMATION_FORMAT = "dwarf-with-dsym";
				ENABLE_NS_ASSERTIONS = NO;
				ENABLE_STRICT_OBJC_MSGSEND = YES;
				GCC_C_LANGUAGE_STANDARD = gnu99;
				GCC_NO_COMMON_BLOCKS = YES;
				GCC_WARN_64_TO_32_BIT_CONVERSION = YES;
				GCC_WARN_ABOUT_RETURN_TYPE = YES_ERROR;
				GCC_WARN_UNDECLARED_SELECTOR = YES;
				GCC_WARN_UNINITIALIZED_AUTOS = YES_AGGRESSIVE;
				GCC_WARN_UNUSED_FUNCTION = YES;
				GCC_WARN_UNUSED_VARIABLE = YES;
				MACOSX_DEPLOYMENT_TARGET = 10.12;
				MTL_ENABLE_DEBUG_INFO = NO;
				SDKROOT = macosx;
			};
			name = Release;
		};
		C7A313641EE44D9600490A98 /* Debug */ = {
			isa = XCBuildConfiguration;
			buildSettings = {
				DEVELOPMENT_TEAM = 3LQXF983J7;
				HEADER_SEARCH_PATHS = (
					/usr/local/include/opencv,
					/usr/local/include,
				);
				LIBRARY_SEARCH_PATHS = (
					"$(inherited)",
					"$(PROJECT_DIR)",
				);
				PRODUCT_NAME = "$(TARGET_NAME)";
			};
			name = Debug;
		};
		C7A313651EE44D9600490A98 /* Release */ = {
			isa = XCBuildConfiguration;
			buildSettings = {
				DEVELOPMENT_TEAM = 3LQXF983J7;
				HEADER_SEARCH_PATHS = (
					/usr/local/include/opencv,
					/usr/local/include,
				);
				LIBRARY_SEARCH_PATHS = (
					"$(inherited)",
					"$(PROJECT_DIR)",
				);
				PRODUCT_NAME = "$(TARGET_NAME)";
			};
			name = Release;
		};
/* End XCBuildConfiguration section */

/* Begin XCConfigurationList section */
		C7A313571EE44D9600490A98 /* Build configuration list for PBXProject "projecCppB10" */ = {
			isa = XCConfigurationList;
			buildConfigurations = (
				C7A313611EE44D9600490A98 /* Debug */,
				C7A313621EE44D9600490A98 /* Release */,
			);
			defaultConfigurationIsVisible = 0;
			defaultConfigurationName = Release;
		};
		C7A313631EE44D9600490A98 /* Build configuration list for PBXNativeTarget "projecCppB10" */ = {
			isa = XCConfigurationList;
			buildConfigurations = (
				C7A313641EE44D9600490A98 /* Debug */,
				C7A313651EE44D9600490A98 /* Release */,
			);
			defaultConfigurationIsVisible = 0;
		};
/* End XCConfigurationList section */
	};
	rootObject = C7A313541EE44D9600490A98 /* Project object */;
}
